
Microsoft Visual Studio Solution File, Format Version 12.00
# Visual Studio 15
VisualStudioVersion = 15.0.26124.0
MinimumVisualStudioVersion = 15.0.26124.0
Project("{2150E333-8FDC-42A3-9474-1A3956D46DE8}") = "Microsoft.Extensions.Caching", "Microsoft.Extensions.Caching", "{3C60752B-34A5-4398-B491-4D074159AD19}"
EndProject
Project("{9A19103F-16F7-4668-BE54-9A1E7A4F7556}") = "Microsoft.Extensions.Caching", "src\Microsoft.Extensions.Caching\src\Microsoft.Extensions.Caching.csproj", "{75D930AE-A148-406C-84AD-4BB388A7B50D}"
EndProject
Project("{2150E333-8FDC-42A3-9474-1A3956D46DE8}") = "src", "src", "{182867CA-5C7E-40AC-B54B-6C75A9AFF1EC}"
EndProject
Project("{9A19103F-16F7-4668-BE54-9A1E7A4F7556}") = "Microsoft.Extensions.ObjectPool", "src\Microsoft.Extensions.ObjectPool\src\Microsoft.Extensions.ObjectPool.csproj", "{901F56E8-C996-4A40-8C9F-CF665E2E2392}"
EndProject
Project("{9A19103F-16F7-4668-BE54-9A1E7A4F7556}") = "Microsoft.Extensions.ObjectPool.Test", "src\Microsoft.Extensions.ObjectPool\test\Microsoft.Extensions.ObjectPool.Test.csproj", "{C650F8E8-153C-4D95-90C6-357D86F532E5}"
EndProject
Project("{2150E333-8FDC-42A3-9474-1A3956D46DE8}") = "CompatFacades", "CompatFacades", "{935DEFE7-5446-491F-98CB-B603B0B190BB}"
EndProject
Project("{9A19103F-16F7-4668-BE54-9A1E7A4F7556}") = "Microsoft.Extensions.DependencyInjection.Abstractions", "src\CompatFacades\Microsoft.Extensions.DependencyInjection.Abstractions\Microsoft.Extensions.DependencyInjection.Abstractions.csproj", "{27E897F0-3A58-4B83-B8AD-7F6BDBB7D4F3}"
EndProject
Project("{2150E333-8FDC-42A3-9474-1A3956D46DE8}") = "src", "src", "{B33423E5-CCB9-4C52-88C0-2271D60B63A6}"
EndProject
Project("{9A19103F-16F7-4668-BE54-9A1E7A4F7556}") = "Microsoft.Extensions.DependencyInjection.Tests", "src\Microsoft.Extensions.DependencyInjection\test\Microsoft.Extensions.DependencyInjection.Tests.csproj", "{89D5D316-9EA6-4A63-995E-E81EF338FAAC}"
EndProject
Project("{9A19103F-16F7-4668-BE54-9A1E7A4F7556}") = "Microsoft.Extensions.DependencyInjection", "src\Microsoft.Extensions.DependencyInjection\src\Microsoft.Extensions.DependencyInjection.csproj", "{E49F2C38-7C74-4435-AFD5-2184283C63A0}"
EndProject
Project("{2150E333-8FDC-42A3-9474-1A3956D46DE8}") = "src", "src", "{135A056A-96F4-4816-B66A-47B0E123A5BD}"
EndProject
Project("{9A19103F-16F7-4668-BE54-9A1E7A4F7556}") = "Microsoft.Extensions.FileSystem", "src\Microsoft.Extensions.FileSystem\src\Microsoft.Extensions.FileSystem.csproj", "{80490AB0-83F3-4ED1-ABD6-A372D0AA951D}"
EndProject
Project("{9A19103F-16F7-4668-BE54-9A1E7A4F7556}") = "Microsoft.Extensions.FileProviders.Abstractions", "src\CompatFacades\Microsoft.Extensions.FileProviders.Abstractions\Microsoft.Extensions.FileProviders.Abstractions.csproj", "{AE39BE38-0A7C-4BF7-BF7C-DCAFA0C80B9D}"
EndProject
Project("{9A19103F-16F7-4668-BE54-9A1E7A4F7556}") = "Microsoft.Extensions.FileProviders.Composite", "src\CompatFacades\Microsoft.Extensions.FileProviders.Composite\Microsoft.Extensions.FileProviders.Composite.csproj", "{1AF3EB91-6079-4916-A9F2-A00FDB46F6F8}"
EndProject
Project("{9A19103F-16F7-4668-BE54-9A1E7A4F7556}") = "Microsoft.Extensions.FileProviders.Embedded", "src\CompatFacades\Microsoft.Extensions.FileProviders.Embedded\Microsoft.Extensions.FileProviders.Embedded.csproj", "{A9B96964-E13D-41A7-9FDF-9AEA2D29C585}"
EndProject
Project("{9A19103F-16F7-4668-BE54-9A1E7A4F7556}") = "Microsoft.Extensions.FileProviders.Physical", "src\CompatFacades\Microsoft.Extensions.FileProviders.Physical\Microsoft.Extensions.FileProviders.Physical.csproj", "{0A279F87-674A-431A-BE44-613F2731FD8C}"
EndProject
Project("{9A19103F-16F7-4668-BE54-9A1E7A4F7556}") = "Microsoft.Extensions.FileSystemGlobbing", "src\CompatFacades\Microsoft.Extensions.FileSystemGlobbing\Microsoft.Extensions.FileSystemGlobbing.csproj", "{255C5FB7-E6FF-4216-8779-ABF11865B17F}"
EndProject
Project("{9A19103F-16F7-4668-BE54-9A1E7A4F7556}") = "Microsoft.Extensions.Primitives", "src\Microsoft.Extensions.Primitives\src\Microsoft.Extensions.Primitives.csproj", "{A9641D9C-8C4F-4A61-AAE8-61DC68EBD9F4}"
EndProject
Project("{9A19103F-16F7-4668-BE54-9A1E7A4F7556}") = "Microsoft.Extensions.FileSystem.Tests", "src\Microsoft.Extensions.FileSystem\test\Microsoft.Extensions.FileSystem.Tests.csproj", "{770969A6-4E24-4D0F-B4BF-77F993F5C116}"
EndProject
Project("{2150E333-8FDC-42A3-9474-1A3956D46DE8}") = "src", "src", "{76D90E62-C623-44F3-86F4-9A0C510CC3DA}"
EndProject
Project("{9A19103F-16F7-4668-BE54-9A1E7A4F7556}") = "Microsoft.Extensions.Configuration", "src\Microsoft.Extensions.Configuration\src\Microsoft.Extensions.Configuration.csproj", "{2FA99632-0D61-424D-BC62-061DAFB36126}"
EndProject
Project("{9A19103F-16F7-4668-BE54-9A1E7A4F7556}") = "Microsoft.Extensions.Configuration.Tests", "src\Microsoft.Extensions.Configuration\test\Microsoft.Extensions.Configuration.Tests.csproj", "{800AFFBC-568F-47F8-ACF1-735C38D29076}"
EndProject
Project("{9A19103F-16F7-4668-BE54-9A1E7A4F7556}") = "Microsoft.Extensions.Configuration.Abstractions", "src\CompatFacades\Microsoft.Extensions.Configuration.Abstractions\Microsoft.Extensions.Configuration.Abstractions.csproj", "{D7EE5AFE-5757-416D-A2F8-EAA166B3F850}"
EndProject
Project("{9A19103F-16F7-4668-BE54-9A1E7A4F7556}") = "Microsoft.Extensions.Configuration.Binder", "src\CompatFacades\Microsoft.Extensions.Configuration.Binder\Microsoft.Extensions.Configuration.Binder.csproj", "{E7790BFB-A01B-4DA0-9B02-1A8E9FC6DD63}"
EndProject
Project("{9A19103F-16F7-4668-BE54-9A1E7A4F7556}") = "Microsoft.Extensions.Configuration.CommandLine", "src\CompatFacades\Microsoft.Extensions.Configuration.CommandLine\Microsoft.Extensions.Configuration.CommandLine.csproj", "{1E231BAD-31AB-4A95-A42B-1BE603BC0D04}"
EndProject
Project("{9A19103F-16F7-4668-BE54-9A1E7A4F7556}") = "Microsoft.Extensions.Configuration.EnvironmentVariables", "src\CompatFacades\Microsoft.Extensions.Configuration.EnvironmentVariables\Microsoft.Extensions.Configuration.EnvironmentVariables.csproj", "{CFD14FFC-A8BC-4911-AC17-2177A9D62938}"
EndProject
Project("{9A19103F-16F7-4668-BE54-9A1E7A4F7556}") = "Microsoft.Extensions.Configuration.FileExtensions", "src\CompatFacades\Microsoft.Extensions.Configuration.FileExtensions\Microsoft.Extensions.Configuration.FileExtensions.csproj", "{3FDB8734-8F49-4BF3-97D6-1D81BCBBA2B2}"
EndProject
Project("{9A19103F-16F7-4668-BE54-9A1E7A4F7556}") = "Microsoft.Extensions.Configuration.Ini", "src\CompatFacades\Microsoft.Extensions.Configuration.Ini\Microsoft.Extensions.Configuration.Ini.csproj", "{355072C6-6D3E-4B3F-A1AB-F69AE883EC7D}"
EndProject
Project("{9A19103F-16F7-4668-BE54-9A1E7A4F7556}") = "Microsoft.Extensions.Configuration.Json", "src\CompatFacades\Microsoft.Extensions.Configuration.Json\Microsoft.Extensions.Configuration.Json.csproj", "{C8C1D2C6-8777-4CCF-9771-D6FA277B5760}"
EndProject
Project("{9A19103F-16F7-4668-BE54-9A1E7A4F7556}") = "Microsoft.Extensions.Configuration.KeyPerFile", "src\CompatFacades\Microsoft.Extensions.Configuration.KeyPerFile\Microsoft.Extensions.Configuration.KeyPerFile.csproj", "{49E668BE-AA50-4BA3-80FE-90C0ADFCA349}"
EndProject
Project("{9A19103F-16F7-4668-BE54-9A1E7A4F7556}") = "Microsoft.Extensions.Configuration.UserSecrets", "src\CompatFacades\Microsoft.Extensions.Configuration.UserSecrets\Microsoft.Extensions.Configuration.UserSecrets.csproj", "{DEF3D1F8-550E-466B-9503-4000425086A7}"
EndProject
Project("{9A19103F-16F7-4668-BE54-9A1E7A4F7556}") = "Microsoft.Extensions.Configuration.Xml", "src\CompatFacades\Microsoft.Extensions.Configuration.Xml\Microsoft.Extensions.Configuration.Xml.csproj", "{97CDF836-9816-4B47-A077-69904B00785F}"
EndProject
Project("{2150E333-8FDC-42A3-9474-1A3956D46DE8}") = "src", "src", "{A7EA38E5-8A8D-4CCE-8B6D-8B5DA2A5DD61}"
EndProject
Project("{9A19103F-16F7-4668-BE54-9A1E7A4F7556}") = "Microsoft.Extensions.Options", "src\Microsoft.Extensions.Options\src\Microsoft.Extensions.Options.csproj", "{EFAAEA5F-6E98-4DB4-81C2-62F08D2B6188}"
EndProject
Project("{9A19103F-16F7-4668-BE54-9A1E7A4F7556}") = "Microsoft.Extensions.Options.Test", "src\Microsoft.Extensions.Options\test\Microsoft.Extensions.Options.Test.csproj", "{06F0A17C-1F76-4A7C-A20E-DB50147B838F}"
EndProject
Project("{9A19103F-16F7-4668-BE54-9A1E7A4F7556}") = "Microsoft.Extensions.Options.ConfigurationExtensions", "src\CompatFacades\Microsoft.Extensions.Options.ConfigurationExtensions\Microsoft.Extensions.Options.ConfigurationExtensions.csproj", "{231613AA-5EC7-4057-A110-D8E775F35A74}"
EndProject
Project("{9A19103F-16F7-4668-BE54-9A1E7A4F7556}") = "Microsoft.Extensions.Logging.Abstractions", "src\CompatFacades\Microsoft.Extensions.Logging.Abstractions\Microsoft.Extensions.Logging.Abstractions.csproj", "{423B99EC-9E1C-4819-BC61-53882405C3DF}"
EndProject
Project("{9A19103F-16F7-4668-BE54-9A1E7A4F7556}") = "Microsoft.Extensions.Logging.Configuration", "src\CompatFacades\Microsoft.Extensions.Logging.Configuration\Microsoft.Extensions.Logging.Configuration.csproj", "{FF61206E-8F0D-4F2E-9348-85D429C89092}"
EndProject
Project("{9A19103F-16F7-4668-BE54-9A1E7A4F7556}") = "Microsoft.Extensions.Logging.Console", "src\CompatFacades\Microsoft.Extensions.Logging.Console\Microsoft.Extensions.Logging.Console.csproj", "{6012FE14-261B-48BB-8BA7-1CA80BE93D46}"
EndProject
Project("{9A19103F-16F7-4668-BE54-9A1E7A4F7556}") = "Microsoft.Extensions.Logging.Debug", "src\CompatFacades\Microsoft.Extensions.Logging.Debug\Microsoft.Extensions.Logging.Debug.csproj", "{510B73FE-2B5B-452A-A24A-705B437FDDEF}"
EndProject
Project("{9A19103F-16F7-4668-BE54-9A1E7A4F7556}") = "Microsoft.Extensions.Logging.EventLog", "src\CompatFacades\Microsoft.Extensions.Logging.EventLog\Microsoft.Extensions.Logging.EventLog.csproj", "{1EDDC1BB-0A49-4190-B492-4A4929361307}"
EndProject
Project("{9A19103F-16F7-4668-BE54-9A1E7A4F7556}") = "Microsoft.Extensions.Logging.EventSource", "src\CompatFacades\Microsoft.Extensions.Logging.EventSource\Microsoft.Extensions.Logging.EventSource.csproj", "{2346706D-EBD4-4E15-AB90-B575F2CB726E}"
EndProject
Project("{9A19103F-16F7-4668-BE54-9A1E7A4F7556}") = "Microsoft.Extensions.Logging.TraceSource", "src\CompatFacades\Microsoft.Extensions.Logging.TraceSource\Microsoft.Extensions.Logging.TraceSource.csproj", "{CE65A20A-527A-423E-A470-AAE5E2A3D607}"
EndProject
Project("{2150E333-8FDC-42A3-9474-1A3956D46DE8}") = "src", "src", "{E66A6D68-E819-4829-9BBF-215F8F674210}"
EndProject
Project("{9A19103F-16F7-4668-BE54-9A1E7A4F7556}") = "Microsoft.Extensions.Logging", "src\Microsoft.Extensions.Logging\src\Microsoft.Extensions.Logging.csproj", "{5BB94D82-BA7B-4E17-AF90-2C681BC0074A}"
EndProject
Project("{9A19103F-16F7-4668-BE54-9A1E7A4F7556}") = "Microsoft.Extensions.Logging.Tests", "src\Microsoft.Extensions.Logging\test\Microsoft.Extensions.Logging.Tests.csproj", "{A5F351CB-DF05-4607-9926-35B70D2E5BF8}"
EndProject
Project("{9A19103F-16F7-4668-BE54-9A1E7A4F7556}") = "Microsoft.Extensions.Caching.Abstractions", "src\CompatFacades\Microsoft.Extensions.Caching.Abstractions\Microsoft.Extensions.Caching.Abstractions.csproj", "{77D6729A-949F-408A-93C3-3F2C844A09F2}"
EndProject
Project("{9A19103F-16F7-4668-BE54-9A1E7A4F7556}") = "Microsoft.Extensions.Caching.Memory", "src\CompatFacades\Microsoft.Extensions.Caching.Memory\Microsoft.Extensions.Caching.Memory.csproj", "{4103B26B-F2FC-467B-9AA9-4B93D78040B0}"
EndProject
Project("{9A19103F-16F7-4668-BE54-9A1E7A4F7556}") = "Microsoft.Extensions.Caching.SqlServer", "src\CompatFacades\Microsoft.Extensions.Caching.SqlServer\Microsoft.Extensions.Caching.SqlServer.csproj", "{D2376251-B699-4363-8C3F-5D2CED984132}"
EndProject
Project("{9A19103F-16F7-4668-BE54-9A1E7A4F7556}") = "Microsoft.Extensions.Caching.Tests", "src\Microsoft.Extensions.Caching\test\Microsoft.Extensions.Caching.Tests.csproj", "{59A75B0A-2A80-48FF-B08C-535E5B2D2EDC}"
EndProject
Project("{2150E333-8FDC-42A3-9474-1A3956D46DE8}") = "src", "src", "{3E988BC5-6E6C-4786-8A72-E4C62A55C56D}"
EndProject
Project("{9A19103F-16F7-4668-BE54-9A1E7A4F7556}") = "Microsoft.Extensions.Caching", "src\Microsoft.Extensions.Caching\ref\Microsoft.Extensions.Caching.csproj", "{4491754C-4ACF-4BE1-AFAD-2E595C6C0039}"
EndProject
Project("{2150E333-8FDC-42A3-9474-1A3956D46DE8}") = "Microsoft.Extensions.Configuration", "Microsoft.Extensions.Configuration", "{84FC22A9-662C-4E9B-9CF5-FACAD178287D}"
EndProject
Project("{9A19103F-16F7-4668-BE54-9A1E7A4F7556}") = "Microsoft.Extensions.Configuration", "src\Microsoft.Extensions.Configuration\ref\Microsoft.Extensions.Configuration.csproj", "{970EC447-948B-4D7C-B81E-77E01470E271}"
EndProject
Project("{2150E333-8FDC-42A3-9474-1A3956D46DE8}") = "Microsoft.Extensions.DependencyInjection", "Microsoft.Extensions.DependencyInjection", "{151DBF97-12E5-4B80-B40A-4497E53EF51E}"
EndProject
Project("{9A19103F-16F7-4668-BE54-9A1E7A4F7556}") = "Microsoft.Extensions.DependencyInjection", "src\Microsoft.Extensions.DependencyInjection\ref\Microsoft.Extensions.DependencyInjection.csproj", "{622F94AD-EF82-4D8A-BE57-C2067E526053}"
EndProject
Project("{2150E333-8FDC-42A3-9474-1A3956D46DE8}") = "Microsoft.Extensions.FileSystem", "Microsoft.Extensions.FileSystem", "{5E982CC8-7606-457C-9408-29E6EDEA37FF}"
EndProject
Project("{9A19103F-16F7-4668-BE54-9A1E7A4F7556}") = "Microsoft.Extensions.FileSystem", "src\Microsoft.Extensions.FileSystem\ref\Microsoft.Extensions.FileSystem.csproj", "{DDDA2B11-7B90-4B97-BD50-406070454DEF}"
EndProject
Project("{2150E333-8FDC-42A3-9474-1A3956D46DE8}") = "Microsoft.Extensions.Logging", "Microsoft.Extensions.Logging", "{D1EB7D43-684F-4C6F-A99C-648691DAE4D0}"
EndProject
Project("{9A19103F-16F7-4668-BE54-9A1E7A4F7556}") = "Microsoft.Extensions.Logging", "src\Microsoft.Extensions.Logging\ref\Microsoft.Extensions.Logging.csproj", "{36C83464-CD80-45BE-A20D-A5E8F0DD7454}"
EndProject
Project("{2150E333-8FDC-42A3-9474-1A3956D46DE8}") = "Microsoft.Extensions.ObjectPool", "Microsoft.Extensions.ObjectPool", "{ACAA0E0C-4E84-4429-BF5C-3AB6B9262515}"
EndProject
Project("{9A19103F-16F7-4668-BE54-9A1E7A4F7556}") = "Microsoft.Extensions.ObjectPool", "src\Microsoft.Extensions.ObjectPool\ref\Microsoft.Extensions.ObjectPool.csproj", "{083963FA-E952-4C73-B9EF-810E61602653}"
EndProject
Project("{2150E333-8FDC-42A3-9474-1A3956D46DE8}") = "Microsoft.Extensions.Options", "Microsoft.Extensions.Options", "{6C0048BB-F8D1-429E-8196-B6C12D4F92EA}"
EndProject
Project("{9A19103F-16F7-4668-BE54-9A1E7A4F7556}") = "Microsoft.Extensions.Options", "src\Microsoft.Extensions.Options\ref\Microsoft.Extensions.Options.csproj", "{F5815D06-4300-431B-AF6B-59E29BD6DCBC}"
EndProject
Project("{2150E333-8FDC-42A3-9474-1A3956D46DE8}") = "Microsoft.Extensions.Primitives", "Microsoft.Extensions.Primitives", "{5211BB94-8ACE-4801-A4F5-3744CE9D14C3}"
EndProject
Project("{9A19103F-16F7-4668-BE54-9A1E7A4F7556}") = "Microsoft.Extensions.Primitives", "src\Microsoft.Extensions.Primitives\ref\Microsoft.Extensions.Primitives.csproj", "{3B1A04A7-4F50-4CA4-BB0A-CEB36022A728}"
EndProject
Project("{2150E333-8FDC-42A3-9474-1A3956D46DE8}") = "ref", "ref", "{4F4AC1A7-A75E-42D5-8586-72B026DDEC22}"
EndProject
Project("{2150E333-8FDC-42A3-9474-1A3956D46DE8}") = "src", "src", "{A0433137-726F-487D-A11E-CADBC618CC50}"
EndProject
Project("{2150E333-8FDC-42A3-9474-1A3956D46DE8}") = "test", "test", "{CF7F974D-5214-4A26-ADD9-6B732A5F7301}"
EndProject
Project("{2150E333-8FDC-42A3-9474-1A3956D46DE8}") = "ref", "ref", "{7F977303-E02A-4A9C-B2B3-BCFE1FF84985}"
EndProject
Project("{2150E333-8FDC-42A3-9474-1A3956D46DE8}") = "test", "test", "{37A43FB1-3749-459A-AA9D-9E11DD67C2D7}"
EndProject
Project("{2150E333-8FDC-42A3-9474-1A3956D46DE8}") = "ref", "ref", "{394879BB-EA68-46A3-8E26-DCE0F16203ED}"
EndProject
Project("{2150E333-8FDC-42A3-9474-1A3956D46DE8}") = "test", "test", "{F8EEB521-BCA0-475E-B9D9-5B62075EB494}"
EndProject
Project("{2150E333-8FDC-42A3-9474-1A3956D46DE8}") = "test", "test", "{7A26609B-FA9E-4C21-BA59-400A770206DB}"
EndProject
Project("{2150E333-8FDC-42A3-9474-1A3956D46DE8}") = "ref", "ref", "{92B27F76-EEEB-4CAA-A839-89D9EB7861D7}"
EndProject
Project("{2150E333-8FDC-42A3-9474-1A3956D46DE8}") = "test", "test", "{A66B80EF-E504-4CE7-8110-AF6F687BA23D}"
EndProject
Project("{2150E333-8FDC-42A3-9474-1A3956D46DE8}") = "ref", "ref", "{B1C9652C-97A6-41DC-9EDD-C60AC02EB98C}"
EndProject
Project("{2150E333-8FDC-42A3-9474-1A3956D46DE8}") = "ref", "ref", "{23043967-1D1E-4B50-A37B-B0BE02FFDC2B}"
EndProject
Project("{2150E333-8FDC-42A3-9474-1A3956D46DE8}") = "test", "test", "{9DA8C492-BCB4-4307-9C94-6896D78FE1D9}"
EndProject
Project("{2150E333-8FDC-42A3-9474-1A3956D46DE8}") = "ref", "ref", "{6ABAA51C-C854-47AA-824E-7DA25E9F9048}"
EndProject
Project("{2150E333-8FDC-42A3-9474-1A3956D46DE8}") = "test", "test", "{9A098D79-C389-42CC-90DF-2E7C989DA278}"
EndProject
Project("{2150E333-8FDC-42A3-9474-1A3956D46DE8}") = "src", "src", "{98A045DE-C0F7-47AB-A8FF-7C07D75BBF62}"
EndProject
Project("{2150E333-8FDC-42A3-9474-1A3956D46DE8}") = "ref", "ref", "{672B5B5F-3A36-4516-9B49-EB719E50379C}"
EndProject
Project("{2150E333-8FDC-42A3-9474-1A3956D46DE8}") = "test", "test", "{B2620CB1-4F92-4A05-844A-8FA6B9042771}"
EndProject
Project("{9A19103F-16F7-4668-BE54-9A1E7A4F7556}") = "Microsoft.Extensions.Primitives.Tests", "src\Microsoft.Extensions.Primitives\test\Microsoft.Extensions.Primitives.Tests.csproj", "{47B23001-2A34-4AE2-AE32-EA1C1837D349}"
EndProject
Global
	GlobalSection(SolutionConfigurationPlatforms) = preSolution
		Debug|Any CPU = Debug|Any CPU
		Debug|x64 = Debug|x64
		Debug|x86 = Debug|x86
		Release|Any CPU = Release|Any CPU
		Release|x64 = Release|x64
		Release|x86 = Release|x86
	EndGlobalSection
	GlobalSection(ProjectConfigurationPlatforms) = postSolution
		{75D930AE-A148-406C-84AD-4BB388A7B50D}.Debug|Any CPU.ActiveCfg = Debug|Any CPU
		{75D930AE-A148-406C-84AD-4BB388A7B50D}.Debug|Any CPU.Build.0 = Debug|Any CPU
		{75D930AE-A148-406C-84AD-4BB388A7B50D}.Debug|x64.ActiveCfg = Debug|Any CPU
		{75D930AE-A148-406C-84AD-4BB388A7B50D}.Debug|x64.Build.0 = Debug|Any CPU
		{75D930AE-A148-406C-84AD-4BB388A7B50D}.Debug|x86.ActiveCfg = Debug|Any CPU
		{75D930AE-A148-406C-84AD-4BB388A7B50D}.Debug|x86.Build.0 = Debug|Any CPU
		{75D930AE-A148-406C-84AD-4BB388A7B50D}.Release|Any CPU.ActiveCfg = Release|Any CPU
		{75D930AE-A148-406C-84AD-4BB388A7B50D}.Release|Any CPU.Build.0 = Release|Any CPU
		{75D930AE-A148-406C-84AD-4BB388A7B50D}.Release|x64.ActiveCfg = Release|Any CPU
		{75D930AE-A148-406C-84AD-4BB388A7B50D}.Release|x64.Build.0 = Release|Any CPU
		{75D930AE-A148-406C-84AD-4BB388A7B50D}.Release|x86.ActiveCfg = Release|Any CPU
		{75D930AE-A148-406C-84AD-4BB388A7B50D}.Release|x86.Build.0 = Release|Any CPU
		{901F56E8-C996-4A40-8C9F-CF665E2E2392}.Debug|Any CPU.ActiveCfg = Debug|Any CPU
		{901F56E8-C996-4A40-8C9F-CF665E2E2392}.Debug|Any CPU.Build.0 = Debug|Any CPU
		{901F56E8-C996-4A40-8C9F-CF665E2E2392}.Debug|x64.ActiveCfg = Debug|Any CPU
		{901F56E8-C996-4A40-8C9F-CF665E2E2392}.Debug|x64.Build.0 = Debug|Any CPU
		{901F56E8-C996-4A40-8C9F-CF665E2E2392}.Debug|x86.ActiveCfg = Debug|Any CPU
		{901F56E8-C996-4A40-8C9F-CF665E2E2392}.Debug|x86.Build.0 = Debug|Any CPU
		{901F56E8-C996-4A40-8C9F-CF665E2E2392}.Release|Any CPU.ActiveCfg = Release|Any CPU
		{901F56E8-C996-4A40-8C9F-CF665E2E2392}.Release|Any CPU.Build.0 = Release|Any CPU
		{901F56E8-C996-4A40-8C9F-CF665E2E2392}.Release|x64.ActiveCfg = Release|Any CPU
		{901F56E8-C996-4A40-8C9F-CF665E2E2392}.Release|x64.Build.0 = Release|Any CPU
		{901F56E8-C996-4A40-8C9F-CF665E2E2392}.Release|x86.ActiveCfg = Release|Any CPU
		{901F56E8-C996-4A40-8C9F-CF665E2E2392}.Release|x86.Build.0 = Release|Any CPU
		{C650F8E8-153C-4D95-90C6-357D86F532E5}.Debug|Any CPU.ActiveCfg = Debug|Any CPU
		{C650F8E8-153C-4D95-90C6-357D86F532E5}.Debug|Any CPU.Build.0 = Debug|Any CPU
		{C650F8E8-153C-4D95-90C6-357D86F532E5}.Debug|x64.ActiveCfg = Debug|Any CPU
		{C650F8E8-153C-4D95-90C6-357D86F532E5}.Debug|x64.Build.0 = Debug|Any CPU
		{C650F8E8-153C-4D95-90C6-357D86F532E5}.Debug|x86.ActiveCfg = Debug|Any CPU
		{C650F8E8-153C-4D95-90C6-357D86F532E5}.Debug|x86.Build.0 = Debug|Any CPU
		{C650F8E8-153C-4D95-90C6-357D86F532E5}.Release|Any CPU.ActiveCfg = Release|Any CPU
		{C650F8E8-153C-4D95-90C6-357D86F532E5}.Release|Any CPU.Build.0 = Release|Any CPU
		{C650F8E8-153C-4D95-90C6-357D86F532E5}.Release|x64.ActiveCfg = Release|Any CPU
		{C650F8E8-153C-4D95-90C6-357D86F532E5}.Release|x64.Build.0 = Release|Any CPU
		{C650F8E8-153C-4D95-90C6-357D86F532E5}.Release|x86.ActiveCfg = Release|Any CPU
		{C650F8E8-153C-4D95-90C6-357D86F532E5}.Release|x86.Build.0 = Release|Any CPU
		{27E897F0-3A58-4B83-B8AD-7F6BDBB7D4F3}.Debug|Any CPU.ActiveCfg = Debug|Any CPU
		{27E897F0-3A58-4B83-B8AD-7F6BDBB7D4F3}.Debug|Any CPU.Build.0 = Debug|Any CPU
		{27E897F0-3A58-4B83-B8AD-7F6BDBB7D4F3}.Debug|x64.ActiveCfg = Debug|Any CPU
		{27E897F0-3A58-4B83-B8AD-7F6BDBB7D4F3}.Debug|x64.Build.0 = Debug|Any CPU
		{27E897F0-3A58-4B83-B8AD-7F6BDBB7D4F3}.Debug|x86.ActiveCfg = Debug|Any CPU
		{27E897F0-3A58-4B83-B8AD-7F6BDBB7D4F3}.Debug|x86.Build.0 = Debug|Any CPU
		{27E897F0-3A58-4B83-B8AD-7F6BDBB7D4F3}.Release|Any CPU.ActiveCfg = Release|Any CPU
		{27E897F0-3A58-4B83-B8AD-7F6BDBB7D4F3}.Release|Any CPU.Build.0 = Release|Any CPU
		{27E897F0-3A58-4B83-B8AD-7F6BDBB7D4F3}.Release|x64.ActiveCfg = Release|Any CPU
		{27E897F0-3A58-4B83-B8AD-7F6BDBB7D4F3}.Release|x64.Build.0 = Release|Any CPU
		{27E897F0-3A58-4B83-B8AD-7F6BDBB7D4F3}.Release|x86.ActiveCfg = Release|Any CPU
		{27E897F0-3A58-4B83-B8AD-7F6BDBB7D4F3}.Release|x86.Build.0 = Release|Any CPU
		{89D5D316-9EA6-4A63-995E-E81EF338FAAC}.Debug|Any CPU.ActiveCfg = Debug|Any CPU
		{89D5D316-9EA6-4A63-995E-E81EF338FAAC}.Debug|Any CPU.Build.0 = Debug|Any CPU
		{89D5D316-9EA6-4A63-995E-E81EF338FAAC}.Debug|x64.ActiveCfg = Debug|Any CPU
		{89D5D316-9EA6-4A63-995E-E81EF338FAAC}.Debug|x64.Build.0 = Debug|Any CPU
		{89D5D316-9EA6-4A63-995E-E81EF338FAAC}.Debug|x86.ActiveCfg = Debug|Any CPU
		{89D5D316-9EA6-4A63-995E-E81EF338FAAC}.Debug|x86.Build.0 = Debug|Any CPU
		{89D5D316-9EA6-4A63-995E-E81EF338FAAC}.Release|Any CPU.ActiveCfg = Release|Any CPU
		{89D5D316-9EA6-4A63-995E-E81EF338FAAC}.Release|Any CPU.Build.0 = Release|Any CPU
		{89D5D316-9EA6-4A63-995E-E81EF338FAAC}.Release|x64.ActiveCfg = Release|Any CPU
		{89D5D316-9EA6-4A63-995E-E81EF338FAAC}.Release|x64.Build.0 = Release|Any CPU
		{89D5D316-9EA6-4A63-995E-E81EF338FAAC}.Release|x86.ActiveCfg = Release|Any CPU
		{89D5D316-9EA6-4A63-995E-E81EF338FAAC}.Release|x86.Build.0 = Release|Any CPU
		{E49F2C38-7C74-4435-AFD5-2184283C63A0}.Debug|Any CPU.ActiveCfg = Debug|Any CPU
		{E49F2C38-7C74-4435-AFD5-2184283C63A0}.Debug|Any CPU.Build.0 = Debug|Any CPU
		{E49F2C38-7C74-4435-AFD5-2184283C63A0}.Debug|x64.ActiveCfg = Debug|Any CPU
		{E49F2C38-7C74-4435-AFD5-2184283C63A0}.Debug|x64.Build.0 = Debug|Any CPU
		{E49F2C38-7C74-4435-AFD5-2184283C63A0}.Debug|x86.ActiveCfg = Debug|Any CPU
		{E49F2C38-7C74-4435-AFD5-2184283C63A0}.Debug|x86.Build.0 = Debug|Any CPU
		{E49F2C38-7C74-4435-AFD5-2184283C63A0}.Release|Any CPU.ActiveCfg = Release|Any CPU
		{E49F2C38-7C74-4435-AFD5-2184283C63A0}.Release|Any CPU.Build.0 = Release|Any CPU
		{E49F2C38-7C74-4435-AFD5-2184283C63A0}.Release|x64.ActiveCfg = Release|Any CPU
		{E49F2C38-7C74-4435-AFD5-2184283C63A0}.Release|x64.Build.0 = Release|Any CPU
		{E49F2C38-7C74-4435-AFD5-2184283C63A0}.Release|x86.ActiveCfg = Release|Any CPU
		{E49F2C38-7C74-4435-AFD5-2184283C63A0}.Release|x86.Build.0 = Release|Any CPU
		{80490AB0-83F3-4ED1-ABD6-A372D0AA951D}.Debug|Any CPU.ActiveCfg = Debug|Any CPU
		{80490AB0-83F3-4ED1-ABD6-A372D0AA951D}.Debug|Any CPU.Build.0 = Debug|Any CPU
		{80490AB0-83F3-4ED1-ABD6-A372D0AA951D}.Debug|x64.ActiveCfg = Debug|Any CPU
		{80490AB0-83F3-4ED1-ABD6-A372D0AA951D}.Debug|x64.Build.0 = Debug|Any CPU
		{80490AB0-83F3-4ED1-ABD6-A372D0AA951D}.Debug|x86.ActiveCfg = Debug|Any CPU
		{80490AB0-83F3-4ED1-ABD6-A372D0AA951D}.Debug|x86.Build.0 = Debug|Any CPU
		{80490AB0-83F3-4ED1-ABD6-A372D0AA951D}.Release|Any CPU.ActiveCfg = Release|Any CPU
		{80490AB0-83F3-4ED1-ABD6-A372D0AA951D}.Release|Any CPU.Build.0 = Release|Any CPU
		{80490AB0-83F3-4ED1-ABD6-A372D0AA951D}.Release|x64.ActiveCfg = Release|Any CPU
		{80490AB0-83F3-4ED1-ABD6-A372D0AA951D}.Release|x64.Build.0 = Release|Any CPU
		{80490AB0-83F3-4ED1-ABD6-A372D0AA951D}.Release|x86.ActiveCfg = Release|Any CPU
		{80490AB0-83F3-4ED1-ABD6-A372D0AA951D}.Release|x86.Build.0 = Release|Any CPU
		{AE39BE38-0A7C-4BF7-BF7C-DCAFA0C80B9D}.Debug|Any CPU.ActiveCfg = Debug|Any CPU
		{AE39BE38-0A7C-4BF7-BF7C-DCAFA0C80B9D}.Debug|Any CPU.Build.0 = Debug|Any CPU
		{AE39BE38-0A7C-4BF7-BF7C-DCAFA0C80B9D}.Debug|x64.ActiveCfg = Debug|Any CPU
		{AE39BE38-0A7C-4BF7-BF7C-DCAFA0C80B9D}.Debug|x64.Build.0 = Debug|Any CPU
		{AE39BE38-0A7C-4BF7-BF7C-DCAFA0C80B9D}.Debug|x86.ActiveCfg = Debug|Any CPU
		{AE39BE38-0A7C-4BF7-BF7C-DCAFA0C80B9D}.Debug|x86.Build.0 = Debug|Any CPU
		{AE39BE38-0A7C-4BF7-BF7C-DCAFA0C80B9D}.Release|Any CPU.ActiveCfg = Release|Any CPU
		{AE39BE38-0A7C-4BF7-BF7C-DCAFA0C80B9D}.Release|Any CPU.Build.0 = Release|Any CPU
		{AE39BE38-0A7C-4BF7-BF7C-DCAFA0C80B9D}.Release|x64.ActiveCfg = Release|Any CPU
		{AE39BE38-0A7C-4BF7-BF7C-DCAFA0C80B9D}.Release|x64.Build.0 = Release|Any CPU
		{AE39BE38-0A7C-4BF7-BF7C-DCAFA0C80B9D}.Release|x86.ActiveCfg = Release|Any CPU
		{AE39BE38-0A7C-4BF7-BF7C-DCAFA0C80B9D}.Release|x86.Build.0 = Release|Any CPU
		{1AF3EB91-6079-4916-A9F2-A00FDB46F6F8}.Debug|Any CPU.ActiveCfg = Debug|Any CPU
		{1AF3EB91-6079-4916-A9F2-A00FDB46F6F8}.Debug|Any CPU.Build.0 = Debug|Any CPU
		{1AF3EB91-6079-4916-A9F2-A00FDB46F6F8}.Debug|x64.ActiveCfg = Debug|Any CPU
		{1AF3EB91-6079-4916-A9F2-A00FDB46F6F8}.Debug|x64.Build.0 = Debug|Any CPU
		{1AF3EB91-6079-4916-A9F2-A00FDB46F6F8}.Debug|x86.ActiveCfg = Debug|Any CPU
		{1AF3EB91-6079-4916-A9F2-A00FDB46F6F8}.Debug|x86.Build.0 = Debug|Any CPU
		{1AF3EB91-6079-4916-A9F2-A00FDB46F6F8}.Release|Any CPU.ActiveCfg = Release|Any CPU
		{1AF3EB91-6079-4916-A9F2-A00FDB46F6F8}.Release|Any CPU.Build.0 = Release|Any CPU
		{1AF3EB91-6079-4916-A9F2-A00FDB46F6F8}.Release|x64.ActiveCfg = Release|Any CPU
		{1AF3EB91-6079-4916-A9F2-A00FDB46F6F8}.Release|x64.Build.0 = Release|Any CPU
		{1AF3EB91-6079-4916-A9F2-A00FDB46F6F8}.Release|x86.ActiveCfg = Release|Any CPU
		{1AF3EB91-6079-4916-A9F2-A00FDB46F6F8}.Release|x86.Build.0 = Release|Any CPU
		{A9B96964-E13D-41A7-9FDF-9AEA2D29C585}.Debug|Any CPU.ActiveCfg = Debug|Any CPU
		{A9B96964-E13D-41A7-9FDF-9AEA2D29C585}.Debug|Any CPU.Build.0 = Debug|Any CPU
		{A9B96964-E13D-41A7-9FDF-9AEA2D29C585}.Debug|x64.ActiveCfg = Debug|Any CPU
		{A9B96964-E13D-41A7-9FDF-9AEA2D29C585}.Debug|x64.Build.0 = Debug|Any CPU
		{A9B96964-E13D-41A7-9FDF-9AEA2D29C585}.Debug|x86.ActiveCfg = Debug|Any CPU
		{A9B96964-E13D-41A7-9FDF-9AEA2D29C585}.Debug|x86.Build.0 = Debug|Any CPU
		{A9B96964-E13D-41A7-9FDF-9AEA2D29C585}.Release|Any CPU.ActiveCfg = Release|Any CPU
		{A9B96964-E13D-41A7-9FDF-9AEA2D29C585}.Release|Any CPU.Build.0 = Release|Any CPU
		{A9B96964-E13D-41A7-9FDF-9AEA2D29C585}.Release|x64.ActiveCfg = Release|Any CPU
		{A9B96964-E13D-41A7-9FDF-9AEA2D29C585}.Release|x64.Build.0 = Release|Any CPU
		{A9B96964-E13D-41A7-9FDF-9AEA2D29C585}.Release|x86.ActiveCfg = Release|Any CPU
		{A9B96964-E13D-41A7-9FDF-9AEA2D29C585}.Release|x86.Build.0 = Release|Any CPU
		{0A279F87-674A-431A-BE44-613F2731FD8C}.Debug|Any CPU.ActiveCfg = Debug|Any CPU
		{0A279F87-674A-431A-BE44-613F2731FD8C}.Debug|Any CPU.Build.0 = Debug|Any CPU
		{0A279F87-674A-431A-BE44-613F2731FD8C}.Debug|x64.ActiveCfg = Debug|Any CPU
		{0A279F87-674A-431A-BE44-613F2731FD8C}.Debug|x64.Build.0 = Debug|Any CPU
		{0A279F87-674A-431A-BE44-613F2731FD8C}.Debug|x86.ActiveCfg = Debug|Any CPU
		{0A279F87-674A-431A-BE44-613F2731FD8C}.Debug|x86.Build.0 = Debug|Any CPU
		{0A279F87-674A-431A-BE44-613F2731FD8C}.Release|Any CPU.ActiveCfg = Release|Any CPU
		{0A279F87-674A-431A-BE44-613F2731FD8C}.Release|Any CPU.Build.0 = Release|Any CPU
		{0A279F87-674A-431A-BE44-613F2731FD8C}.Release|x64.ActiveCfg = Release|Any CPU
		{0A279F87-674A-431A-BE44-613F2731FD8C}.Release|x64.Build.0 = Release|Any CPU
		{0A279F87-674A-431A-BE44-613F2731FD8C}.Release|x86.ActiveCfg = Release|Any CPU
		{0A279F87-674A-431A-BE44-613F2731FD8C}.Release|x86.Build.0 = Release|Any CPU
		{255C5FB7-E6FF-4216-8779-ABF11865B17F}.Debug|Any CPU.ActiveCfg = Debug|Any CPU
		{255C5FB7-E6FF-4216-8779-ABF11865B17F}.Debug|Any CPU.Build.0 = Debug|Any CPU
		{255C5FB7-E6FF-4216-8779-ABF11865B17F}.Debug|x64.ActiveCfg = Debug|Any CPU
		{255C5FB7-E6FF-4216-8779-ABF11865B17F}.Debug|x64.Build.0 = Debug|Any CPU
		{255C5FB7-E6FF-4216-8779-ABF11865B17F}.Debug|x86.ActiveCfg = Debug|Any CPU
		{255C5FB7-E6FF-4216-8779-ABF11865B17F}.Debug|x86.Build.0 = Debug|Any CPU
		{255C5FB7-E6FF-4216-8779-ABF11865B17F}.Release|Any CPU.ActiveCfg = Release|Any CPU
		{255C5FB7-E6FF-4216-8779-ABF11865B17F}.Release|Any CPU.Build.0 = Release|Any CPU
		{255C5FB7-E6FF-4216-8779-ABF11865B17F}.Release|x64.ActiveCfg = Release|Any CPU
		{255C5FB7-E6FF-4216-8779-ABF11865B17F}.Release|x64.Build.0 = Release|Any CPU
		{255C5FB7-E6FF-4216-8779-ABF11865B17F}.Release|x86.ActiveCfg = Release|Any CPU
		{255C5FB7-E6FF-4216-8779-ABF11865B17F}.Release|x86.Build.0 = Release|Any CPU
		{A9641D9C-8C4F-4A61-AAE8-61DC68EBD9F4}.Debug|Any CPU.ActiveCfg = Debug|Any CPU
		{A9641D9C-8C4F-4A61-AAE8-61DC68EBD9F4}.Debug|Any CPU.Build.0 = Debug|Any CPU
		{A9641D9C-8C4F-4A61-AAE8-61DC68EBD9F4}.Debug|x64.ActiveCfg = Debug|Any CPU
		{A9641D9C-8C4F-4A61-AAE8-61DC68EBD9F4}.Debug|x64.Build.0 = Debug|Any CPU
		{A9641D9C-8C4F-4A61-AAE8-61DC68EBD9F4}.Debug|x86.ActiveCfg = Debug|Any CPU
		{A9641D9C-8C4F-4A61-AAE8-61DC68EBD9F4}.Debug|x86.Build.0 = Debug|Any CPU
		{A9641D9C-8C4F-4A61-AAE8-61DC68EBD9F4}.Release|Any CPU.ActiveCfg = Release|Any CPU
		{A9641D9C-8C4F-4A61-AAE8-61DC68EBD9F4}.Release|Any CPU.Build.0 = Release|Any CPU
		{A9641D9C-8C4F-4A61-AAE8-61DC68EBD9F4}.Release|x64.ActiveCfg = Release|Any CPU
		{A9641D9C-8C4F-4A61-AAE8-61DC68EBD9F4}.Release|x64.Build.0 = Release|Any CPU
		{A9641D9C-8C4F-4A61-AAE8-61DC68EBD9F4}.Release|x86.ActiveCfg = Release|Any CPU
		{A9641D9C-8C4F-4A61-AAE8-61DC68EBD9F4}.Release|x86.Build.0 = Release|Any CPU
		{770969A6-4E24-4D0F-B4BF-77F993F5C116}.Debug|Any CPU.ActiveCfg = Debug|Any CPU
		{770969A6-4E24-4D0F-B4BF-77F993F5C116}.Debug|Any CPU.Build.0 = Debug|Any CPU
		{770969A6-4E24-4D0F-B4BF-77F993F5C116}.Debug|x64.ActiveCfg = Debug|Any CPU
		{770969A6-4E24-4D0F-B4BF-77F993F5C116}.Debug|x64.Build.0 = Debug|Any CPU
		{770969A6-4E24-4D0F-B4BF-77F993F5C116}.Debug|x86.ActiveCfg = Debug|Any CPU
		{770969A6-4E24-4D0F-B4BF-77F993F5C116}.Debug|x86.Build.0 = Debug|Any CPU
		{770969A6-4E24-4D0F-B4BF-77F993F5C116}.Release|Any CPU.ActiveCfg = Release|Any CPU
		{770969A6-4E24-4D0F-B4BF-77F993F5C116}.Release|Any CPU.Build.0 = Release|Any CPU
		{770969A6-4E24-4D0F-B4BF-77F993F5C116}.Release|x64.ActiveCfg = Release|Any CPU
		{770969A6-4E24-4D0F-B4BF-77F993F5C116}.Release|x64.Build.0 = Release|Any CPU
		{770969A6-4E24-4D0F-B4BF-77F993F5C116}.Release|x86.ActiveCfg = Release|Any CPU
		{770969A6-4E24-4D0F-B4BF-77F993F5C116}.Release|x86.Build.0 = Release|Any CPU
		{2FA99632-0D61-424D-BC62-061DAFB36126}.Debug|Any CPU.ActiveCfg = Debug|Any CPU
		{2FA99632-0D61-424D-BC62-061DAFB36126}.Debug|Any CPU.Build.0 = Debug|Any CPU
		{2FA99632-0D61-424D-BC62-061DAFB36126}.Debug|x64.ActiveCfg = Debug|Any CPU
		{2FA99632-0D61-424D-BC62-061DAFB36126}.Debug|x64.Build.0 = Debug|Any CPU
		{2FA99632-0D61-424D-BC62-061DAFB36126}.Debug|x86.ActiveCfg = Debug|Any CPU
		{2FA99632-0D61-424D-BC62-061DAFB36126}.Debug|x86.Build.0 = Debug|Any CPU
		{2FA99632-0D61-424D-BC62-061DAFB36126}.Release|Any CPU.ActiveCfg = Release|Any CPU
		{2FA99632-0D61-424D-BC62-061DAFB36126}.Release|Any CPU.Build.0 = Release|Any CPU
		{2FA99632-0D61-424D-BC62-061DAFB36126}.Release|x64.ActiveCfg = Release|Any CPU
		{2FA99632-0D61-424D-BC62-061DAFB36126}.Release|x64.Build.0 = Release|Any CPU
		{2FA99632-0D61-424D-BC62-061DAFB36126}.Release|x86.ActiveCfg = Release|Any CPU
		{2FA99632-0D61-424D-BC62-061DAFB36126}.Release|x86.Build.0 = Release|Any CPU
		{800AFFBC-568F-47F8-ACF1-735C38D29076}.Debug|Any CPU.ActiveCfg = Debug|Any CPU
		{800AFFBC-568F-47F8-ACF1-735C38D29076}.Debug|Any CPU.Build.0 = Debug|Any CPU
		{800AFFBC-568F-47F8-ACF1-735C38D29076}.Debug|x64.ActiveCfg = Debug|Any CPU
		{800AFFBC-568F-47F8-ACF1-735C38D29076}.Debug|x64.Build.0 = Debug|Any CPU
		{800AFFBC-568F-47F8-ACF1-735C38D29076}.Debug|x86.ActiveCfg = Debug|Any CPU
		{800AFFBC-568F-47F8-ACF1-735C38D29076}.Debug|x86.Build.0 = Debug|Any CPU
		{800AFFBC-568F-47F8-ACF1-735C38D29076}.Release|Any CPU.ActiveCfg = Release|Any CPU
		{800AFFBC-568F-47F8-ACF1-735C38D29076}.Release|Any CPU.Build.0 = Release|Any CPU
		{800AFFBC-568F-47F8-ACF1-735C38D29076}.Release|x64.ActiveCfg = Release|Any CPU
		{800AFFBC-568F-47F8-ACF1-735C38D29076}.Release|x64.Build.0 = Release|Any CPU
		{800AFFBC-568F-47F8-ACF1-735C38D29076}.Release|x86.ActiveCfg = Release|Any CPU
		{800AFFBC-568F-47F8-ACF1-735C38D29076}.Release|x86.Build.0 = Release|Any CPU
		{D7EE5AFE-5757-416D-A2F8-EAA166B3F850}.Debug|Any CPU.ActiveCfg = Debug|Any CPU
		{D7EE5AFE-5757-416D-A2F8-EAA166B3F850}.Debug|Any CPU.Build.0 = Debug|Any CPU
		{D7EE5AFE-5757-416D-A2F8-EAA166B3F850}.Debug|x64.ActiveCfg = Debug|Any CPU
		{D7EE5AFE-5757-416D-A2F8-EAA166B3F850}.Debug|x64.Build.0 = Debug|Any CPU
		{D7EE5AFE-5757-416D-A2F8-EAA166B3F850}.Debug|x86.ActiveCfg = Debug|Any CPU
		{D7EE5AFE-5757-416D-A2F8-EAA166B3F850}.Debug|x86.Build.0 = Debug|Any CPU
		{D7EE5AFE-5757-416D-A2F8-EAA166B3F850}.Release|Any CPU.ActiveCfg = Release|Any CPU
		{D7EE5AFE-5757-416D-A2F8-EAA166B3F850}.Release|Any CPU.Build.0 = Release|Any CPU
		{D7EE5AFE-5757-416D-A2F8-EAA166B3F850}.Release|x64.ActiveCfg = Release|Any CPU
		{D7EE5AFE-5757-416D-A2F8-EAA166B3F850}.Release|x64.Build.0 = Release|Any CPU
		{D7EE5AFE-5757-416D-A2F8-EAA166B3F850}.Release|x86.ActiveCfg = Release|Any CPU
		{D7EE5AFE-5757-416D-A2F8-EAA166B3F850}.Release|x86.Build.0 = Release|Any CPU
		{E7790BFB-A01B-4DA0-9B02-1A8E9FC6DD63}.Debug|Any CPU.ActiveCfg = Debug|Any CPU
		{E7790BFB-A01B-4DA0-9B02-1A8E9FC6DD63}.Debug|Any CPU.Build.0 = Debug|Any CPU
		{E7790BFB-A01B-4DA0-9B02-1A8E9FC6DD63}.Debug|x64.ActiveCfg = Debug|Any CPU
		{E7790BFB-A01B-4DA0-9B02-1A8E9FC6DD63}.Debug|x64.Build.0 = Debug|Any CPU
		{E7790BFB-A01B-4DA0-9B02-1A8E9FC6DD63}.Debug|x86.ActiveCfg = Debug|Any CPU
		{E7790BFB-A01B-4DA0-9B02-1A8E9FC6DD63}.Debug|x86.Build.0 = Debug|Any CPU
		{E7790BFB-A01B-4DA0-9B02-1A8E9FC6DD63}.Release|Any CPU.ActiveCfg = Release|Any CPU
		{E7790BFB-A01B-4DA0-9B02-1A8E9FC6DD63}.Release|Any CPU.Build.0 = Release|Any CPU
		{E7790BFB-A01B-4DA0-9B02-1A8E9FC6DD63}.Release|x64.ActiveCfg = Release|Any CPU
		{E7790BFB-A01B-4DA0-9B02-1A8E9FC6DD63}.Release|x64.Build.0 = Release|Any CPU
		{E7790BFB-A01B-4DA0-9B02-1A8E9FC6DD63}.Release|x86.ActiveCfg = Release|Any CPU
		{E7790BFB-A01B-4DA0-9B02-1A8E9FC6DD63}.Release|x86.Build.0 = Release|Any CPU
		{1E231BAD-31AB-4A95-A42B-1BE603BC0D04}.Debug|Any CPU.ActiveCfg = Debug|Any CPU
		{1E231BAD-31AB-4A95-A42B-1BE603BC0D04}.Debug|Any CPU.Build.0 = Debug|Any CPU
		{1E231BAD-31AB-4A95-A42B-1BE603BC0D04}.Debug|x64.ActiveCfg = Debug|Any CPU
		{1E231BAD-31AB-4A95-A42B-1BE603BC0D04}.Debug|x64.Build.0 = Debug|Any CPU
		{1E231BAD-31AB-4A95-A42B-1BE603BC0D04}.Debug|x86.ActiveCfg = Debug|Any CPU
		{1E231BAD-31AB-4A95-A42B-1BE603BC0D04}.Debug|x86.Build.0 = Debug|Any CPU
		{1E231BAD-31AB-4A95-A42B-1BE603BC0D04}.Release|Any CPU.ActiveCfg = Release|Any CPU
		{1E231BAD-31AB-4A95-A42B-1BE603BC0D04}.Release|Any CPU.Build.0 = Release|Any CPU
		{1E231BAD-31AB-4A95-A42B-1BE603BC0D04}.Release|x64.ActiveCfg = Release|Any CPU
		{1E231BAD-31AB-4A95-A42B-1BE603BC0D04}.Release|x64.Build.0 = Release|Any CPU
		{1E231BAD-31AB-4A95-A42B-1BE603BC0D04}.Release|x86.ActiveCfg = Release|Any CPU
		{1E231BAD-31AB-4A95-A42B-1BE603BC0D04}.Release|x86.Build.0 = Release|Any CPU
		{CFD14FFC-A8BC-4911-AC17-2177A9D62938}.Debug|Any CPU.ActiveCfg = Debug|Any CPU
		{CFD14FFC-A8BC-4911-AC17-2177A9D62938}.Debug|Any CPU.Build.0 = Debug|Any CPU
		{CFD14FFC-A8BC-4911-AC17-2177A9D62938}.Debug|x64.ActiveCfg = Debug|Any CPU
		{CFD14FFC-A8BC-4911-AC17-2177A9D62938}.Debug|x64.Build.0 = Debug|Any CPU
		{CFD14FFC-A8BC-4911-AC17-2177A9D62938}.Debug|x86.ActiveCfg = Debug|Any CPU
		{CFD14FFC-A8BC-4911-AC17-2177A9D62938}.Debug|x86.Build.0 = Debug|Any CPU
		{CFD14FFC-A8BC-4911-AC17-2177A9D62938}.Release|Any CPU.ActiveCfg = Release|Any CPU
		{CFD14FFC-A8BC-4911-AC17-2177A9D62938}.Release|Any CPU.Build.0 = Release|Any CPU
		{CFD14FFC-A8BC-4911-AC17-2177A9D62938}.Release|x64.ActiveCfg = Release|Any CPU
		{CFD14FFC-A8BC-4911-AC17-2177A9D62938}.Release|x64.Build.0 = Release|Any CPU
		{CFD14FFC-A8BC-4911-AC17-2177A9D62938}.Release|x86.ActiveCfg = Release|Any CPU
		{CFD14FFC-A8BC-4911-AC17-2177A9D62938}.Release|x86.Build.0 = Release|Any CPU
		{3FDB8734-8F49-4BF3-97D6-1D81BCBBA2B2}.Debug|Any CPU.ActiveCfg = Debug|Any CPU
		{3FDB8734-8F49-4BF3-97D6-1D81BCBBA2B2}.Debug|Any CPU.Build.0 = Debug|Any CPU
		{3FDB8734-8F49-4BF3-97D6-1D81BCBBA2B2}.Debug|x64.ActiveCfg = Debug|Any CPU
		{3FDB8734-8F49-4BF3-97D6-1D81BCBBA2B2}.Debug|x64.Build.0 = Debug|Any CPU
		{3FDB8734-8F49-4BF3-97D6-1D81BCBBA2B2}.Debug|x86.ActiveCfg = Debug|Any CPU
		{3FDB8734-8F49-4BF3-97D6-1D81BCBBA2B2}.Debug|x86.Build.0 = Debug|Any CPU
		{3FDB8734-8F49-4BF3-97D6-1D81BCBBA2B2}.Release|Any CPU.ActiveCfg = Release|Any CPU
		{3FDB8734-8F49-4BF3-97D6-1D81BCBBA2B2}.Release|Any CPU.Build.0 = Release|Any CPU
		{3FDB8734-8F49-4BF3-97D6-1D81BCBBA2B2}.Release|x64.ActiveCfg = Release|Any CPU
		{3FDB8734-8F49-4BF3-97D6-1D81BCBBA2B2}.Release|x64.Build.0 = Release|Any CPU
		{3FDB8734-8F49-4BF3-97D6-1D81BCBBA2B2}.Release|x86.ActiveCfg = Release|Any CPU
		{3FDB8734-8F49-4BF3-97D6-1D81BCBBA2B2}.Release|x86.Build.0 = Release|Any CPU
		{355072C6-6D3E-4B3F-A1AB-F69AE883EC7D}.Debug|Any CPU.ActiveCfg = Debug|Any CPU
		{355072C6-6D3E-4B3F-A1AB-F69AE883EC7D}.Debug|Any CPU.Build.0 = Debug|Any CPU
		{355072C6-6D3E-4B3F-A1AB-F69AE883EC7D}.Debug|x64.ActiveCfg = Debug|Any CPU
		{355072C6-6D3E-4B3F-A1AB-F69AE883EC7D}.Debug|x64.Build.0 = Debug|Any CPU
		{355072C6-6D3E-4B3F-A1AB-F69AE883EC7D}.Debug|x86.ActiveCfg = Debug|Any CPU
		{355072C6-6D3E-4B3F-A1AB-F69AE883EC7D}.Debug|x86.Build.0 = Debug|Any CPU
		{355072C6-6D3E-4B3F-A1AB-F69AE883EC7D}.Release|Any CPU.ActiveCfg = Release|Any CPU
		{355072C6-6D3E-4B3F-A1AB-F69AE883EC7D}.Release|Any CPU.Build.0 = Release|Any CPU
		{355072C6-6D3E-4B3F-A1AB-F69AE883EC7D}.Release|x64.ActiveCfg = Release|Any CPU
		{355072C6-6D3E-4B3F-A1AB-F69AE883EC7D}.Release|x64.Build.0 = Release|Any CPU
		{355072C6-6D3E-4B3F-A1AB-F69AE883EC7D}.Release|x86.ActiveCfg = Release|Any CPU
		{355072C6-6D3E-4B3F-A1AB-F69AE883EC7D}.Release|x86.Build.0 = Release|Any CPU
		{C8C1D2C6-8777-4CCF-9771-D6FA277B5760}.Debug|Any CPU.ActiveCfg = Debug|Any CPU
		{C8C1D2C6-8777-4CCF-9771-D6FA277B5760}.Debug|Any CPU.Build.0 = Debug|Any CPU
		{C8C1D2C6-8777-4CCF-9771-D6FA277B5760}.Debug|x64.ActiveCfg = Debug|Any CPU
		{C8C1D2C6-8777-4CCF-9771-D6FA277B5760}.Debug|x64.Build.0 = Debug|Any CPU
		{C8C1D2C6-8777-4CCF-9771-D6FA277B5760}.Debug|x86.ActiveCfg = Debug|Any CPU
		{C8C1D2C6-8777-4CCF-9771-D6FA277B5760}.Debug|x86.Build.0 = Debug|Any CPU
		{C8C1D2C6-8777-4CCF-9771-D6FA277B5760}.Release|Any CPU.ActiveCfg = Release|Any CPU
		{C8C1D2C6-8777-4CCF-9771-D6FA277B5760}.Release|Any CPU.Build.0 = Release|Any CPU
		{C8C1D2C6-8777-4CCF-9771-D6FA277B5760}.Release|x64.ActiveCfg = Release|Any CPU
		{C8C1D2C6-8777-4CCF-9771-D6FA277B5760}.Release|x64.Build.0 = Release|Any CPU
		{C8C1D2C6-8777-4CCF-9771-D6FA277B5760}.Release|x86.ActiveCfg = Release|Any CPU
		{C8C1D2C6-8777-4CCF-9771-D6FA277B5760}.Release|x86.Build.0 = Release|Any CPU
		{49E668BE-AA50-4BA3-80FE-90C0ADFCA349}.Debug|Any CPU.ActiveCfg = Debug|Any CPU
		{49E668BE-AA50-4BA3-80FE-90C0ADFCA349}.Debug|Any CPU.Build.0 = Debug|Any CPU
		{49E668BE-AA50-4BA3-80FE-90C0ADFCA349}.Debug|x64.ActiveCfg = Debug|Any CPU
		{49E668BE-AA50-4BA3-80FE-90C0ADFCA349}.Debug|x64.Build.0 = Debug|Any CPU
		{49E668BE-AA50-4BA3-80FE-90C0ADFCA349}.Debug|x86.ActiveCfg = Debug|Any CPU
		{49E668BE-AA50-4BA3-80FE-90C0ADFCA349}.Debug|x86.Build.0 = Debug|Any CPU
		{49E668BE-AA50-4BA3-80FE-90C0ADFCA349}.Release|Any CPU.ActiveCfg = Release|Any CPU
		{49E668BE-AA50-4BA3-80FE-90C0ADFCA349}.Release|Any CPU.Build.0 = Release|Any CPU
		{49E668BE-AA50-4BA3-80FE-90C0ADFCA349}.Release|x64.ActiveCfg = Release|Any CPU
		{49E668BE-AA50-4BA3-80FE-90C0ADFCA349}.Release|x64.Build.0 = Release|Any CPU
		{49E668BE-AA50-4BA3-80FE-90C0ADFCA349}.Release|x86.ActiveCfg = Release|Any CPU
		{49E668BE-AA50-4BA3-80FE-90C0ADFCA349}.Release|x86.Build.0 = Release|Any CPU
		{DEF3D1F8-550E-466B-9503-4000425086A7}.Debug|Any CPU.ActiveCfg = Debug|Any CPU
		{DEF3D1F8-550E-466B-9503-4000425086A7}.Debug|Any CPU.Build.0 = Debug|Any CPU
		{DEF3D1F8-550E-466B-9503-4000425086A7}.Debug|x64.ActiveCfg = Debug|Any CPU
		{DEF3D1F8-550E-466B-9503-4000425086A7}.Debug|x64.Build.0 = Debug|Any CPU
		{DEF3D1F8-550E-466B-9503-4000425086A7}.Debug|x86.ActiveCfg = Debug|Any CPU
		{DEF3D1F8-550E-466B-9503-4000425086A7}.Debug|x86.Build.0 = Debug|Any CPU
		{DEF3D1F8-550E-466B-9503-4000425086A7}.Release|Any CPU.ActiveCfg = Release|Any CPU
		{DEF3D1F8-550E-466B-9503-4000425086A7}.Release|Any CPU.Build.0 = Release|Any CPU
		{DEF3D1F8-550E-466B-9503-4000425086A7}.Release|x64.ActiveCfg = Release|Any CPU
		{DEF3D1F8-550E-466B-9503-4000425086A7}.Release|x64.Build.0 = Release|Any CPU
		{DEF3D1F8-550E-466B-9503-4000425086A7}.Release|x86.ActiveCfg = Release|Any CPU
		{DEF3D1F8-550E-466B-9503-4000425086A7}.Release|x86.Build.0 = Release|Any CPU
		{97CDF836-9816-4B47-A077-69904B00785F}.Debug|Any CPU.ActiveCfg = Debug|Any CPU
		{97CDF836-9816-4B47-A077-69904B00785F}.Debug|Any CPU.Build.0 = Debug|Any CPU
		{97CDF836-9816-4B47-A077-69904B00785F}.Debug|x64.ActiveCfg = Debug|Any CPU
		{97CDF836-9816-4B47-A077-69904B00785F}.Debug|x64.Build.0 = Debug|Any CPU
		{97CDF836-9816-4B47-A077-69904B00785F}.Debug|x86.ActiveCfg = Debug|Any CPU
		{97CDF836-9816-4B47-A077-69904B00785F}.Debug|x86.Build.0 = Debug|Any CPU
		{97CDF836-9816-4B47-A077-69904B00785F}.Release|Any CPU.ActiveCfg = Release|Any CPU
		{97CDF836-9816-4B47-A077-69904B00785F}.Release|Any CPU.Build.0 = Release|Any CPU
		{97CDF836-9816-4B47-A077-69904B00785F}.Release|x64.ActiveCfg = Release|Any CPU
		{97CDF836-9816-4B47-A077-69904B00785F}.Release|x64.Build.0 = Release|Any CPU
		{97CDF836-9816-4B47-A077-69904B00785F}.Release|x86.ActiveCfg = Release|Any CPU
		{97CDF836-9816-4B47-A077-69904B00785F}.Release|x86.Build.0 = Release|Any CPU
		{EFAAEA5F-6E98-4DB4-81C2-62F08D2B6188}.Debug|Any CPU.ActiveCfg = Debug|Any CPU
		{EFAAEA5F-6E98-4DB4-81C2-62F08D2B6188}.Debug|Any CPU.Build.0 = Debug|Any CPU
		{EFAAEA5F-6E98-4DB4-81C2-62F08D2B6188}.Debug|x64.ActiveCfg = Debug|Any CPU
		{EFAAEA5F-6E98-4DB4-81C2-62F08D2B6188}.Debug|x64.Build.0 = Debug|Any CPU
		{EFAAEA5F-6E98-4DB4-81C2-62F08D2B6188}.Debug|x86.ActiveCfg = Debug|Any CPU
		{EFAAEA5F-6E98-4DB4-81C2-62F08D2B6188}.Debug|x86.Build.0 = Debug|Any CPU
		{EFAAEA5F-6E98-4DB4-81C2-62F08D2B6188}.Release|Any CPU.ActiveCfg = Release|Any CPU
		{EFAAEA5F-6E98-4DB4-81C2-62F08D2B6188}.Release|Any CPU.Build.0 = Release|Any CPU
		{EFAAEA5F-6E98-4DB4-81C2-62F08D2B6188}.Release|x64.ActiveCfg = Release|Any CPU
		{EFAAEA5F-6E98-4DB4-81C2-62F08D2B6188}.Release|x64.Build.0 = Release|Any CPU
		{EFAAEA5F-6E98-4DB4-81C2-62F08D2B6188}.Release|x86.ActiveCfg = Release|Any CPU
		{EFAAEA5F-6E98-4DB4-81C2-62F08D2B6188}.Release|x86.Build.0 = Release|Any CPU
		{06F0A17C-1F76-4A7C-A20E-DB50147B838F}.Debug|Any CPU.ActiveCfg = Debug|Any CPU
		{06F0A17C-1F76-4A7C-A20E-DB50147B838F}.Debug|Any CPU.Build.0 = Debug|Any CPU
		{06F0A17C-1F76-4A7C-A20E-DB50147B838F}.Debug|x64.ActiveCfg = Debug|Any CPU
		{06F0A17C-1F76-4A7C-A20E-DB50147B838F}.Debug|x64.Build.0 = Debug|Any CPU
		{06F0A17C-1F76-4A7C-A20E-DB50147B838F}.Debug|x86.ActiveCfg = Debug|Any CPU
		{06F0A17C-1F76-4A7C-A20E-DB50147B838F}.Debug|x86.Build.0 = Debug|Any CPU
		{06F0A17C-1F76-4A7C-A20E-DB50147B838F}.Release|Any CPU.ActiveCfg = Release|Any CPU
		{06F0A17C-1F76-4A7C-A20E-DB50147B838F}.Release|Any CPU.Build.0 = Release|Any CPU
		{06F0A17C-1F76-4A7C-A20E-DB50147B838F}.Release|x64.ActiveCfg = Release|Any CPU
		{06F0A17C-1F76-4A7C-A20E-DB50147B838F}.Release|x64.Build.0 = Release|Any CPU
		{06F0A17C-1F76-4A7C-A20E-DB50147B838F}.Release|x86.ActiveCfg = Release|Any CPU
		{06F0A17C-1F76-4A7C-A20E-DB50147B838F}.Release|x86.Build.0 = Release|Any CPU
		{231613AA-5EC7-4057-A110-D8E775F35A74}.Debug|Any CPU.ActiveCfg = Debug|Any CPU
		{231613AA-5EC7-4057-A110-D8E775F35A74}.Debug|Any CPU.Build.0 = Debug|Any CPU
		{231613AA-5EC7-4057-A110-D8E775F35A74}.Debug|x64.ActiveCfg = Debug|Any CPU
		{231613AA-5EC7-4057-A110-D8E775F35A74}.Debug|x64.Build.0 = Debug|Any CPU
		{231613AA-5EC7-4057-A110-D8E775F35A74}.Debug|x86.ActiveCfg = Debug|Any CPU
		{231613AA-5EC7-4057-A110-D8E775F35A74}.Debug|x86.Build.0 = Debug|Any CPU
		{231613AA-5EC7-4057-A110-D8E775F35A74}.Release|Any CPU.ActiveCfg = Release|Any CPU
		{231613AA-5EC7-4057-A110-D8E775F35A74}.Release|Any CPU.Build.0 = Release|Any CPU
		{231613AA-5EC7-4057-A110-D8E775F35A74}.Release|x64.ActiveCfg = Release|Any CPU
		{231613AA-5EC7-4057-A110-D8E775F35A74}.Release|x64.Build.0 = Release|Any CPU
		{231613AA-5EC7-4057-A110-D8E775F35A74}.Release|x86.ActiveCfg = Release|Any CPU
		{231613AA-5EC7-4057-A110-D8E775F35A74}.Release|x86.Build.0 = Release|Any CPU
		{423B99EC-9E1C-4819-BC61-53882405C3DF}.Debug|Any CPU.ActiveCfg = Debug|Any CPU
		{423B99EC-9E1C-4819-BC61-53882405C3DF}.Debug|Any CPU.Build.0 = Debug|Any CPU
		{423B99EC-9E1C-4819-BC61-53882405C3DF}.Debug|x64.ActiveCfg = Debug|Any CPU
		{423B99EC-9E1C-4819-BC61-53882405C3DF}.Debug|x64.Build.0 = Debug|Any CPU
		{423B99EC-9E1C-4819-BC61-53882405C3DF}.Debug|x86.ActiveCfg = Debug|Any CPU
		{423B99EC-9E1C-4819-BC61-53882405C3DF}.Debug|x86.Build.0 = Debug|Any CPU
		{423B99EC-9E1C-4819-BC61-53882405C3DF}.Release|Any CPU.ActiveCfg = Release|Any CPU
		{423B99EC-9E1C-4819-BC61-53882405C3DF}.Release|Any CPU.Build.0 = Release|Any CPU
		{423B99EC-9E1C-4819-BC61-53882405C3DF}.Release|x64.ActiveCfg = Release|Any CPU
		{423B99EC-9E1C-4819-BC61-53882405C3DF}.Release|x64.Build.0 = Release|Any CPU
		{423B99EC-9E1C-4819-BC61-53882405C3DF}.Release|x86.ActiveCfg = Release|Any CPU
		{423B99EC-9E1C-4819-BC61-53882405C3DF}.Release|x86.Build.0 = Release|Any CPU
		{FF61206E-8F0D-4F2E-9348-85D429C89092}.Debug|Any CPU.ActiveCfg = Debug|Any CPU
		{FF61206E-8F0D-4F2E-9348-85D429C89092}.Debug|Any CPU.Build.0 = Debug|Any CPU
		{FF61206E-8F0D-4F2E-9348-85D429C89092}.Debug|x64.ActiveCfg = Debug|Any CPU
		{FF61206E-8F0D-4F2E-9348-85D429C89092}.Debug|x64.Build.0 = Debug|Any CPU
		{FF61206E-8F0D-4F2E-9348-85D429C89092}.Debug|x86.ActiveCfg = Debug|Any CPU
		{FF61206E-8F0D-4F2E-9348-85D429C89092}.Debug|x86.Build.0 = Debug|Any CPU
		{FF61206E-8F0D-4F2E-9348-85D429C89092}.Release|Any CPU.ActiveCfg = Release|Any CPU
		{FF61206E-8F0D-4F2E-9348-85D429C89092}.Release|Any CPU.Build.0 = Release|Any CPU
		{FF61206E-8F0D-4F2E-9348-85D429C89092}.Release|x64.ActiveCfg = Release|Any CPU
		{FF61206E-8F0D-4F2E-9348-85D429C89092}.Release|x64.Build.0 = Release|Any CPU
		{FF61206E-8F0D-4F2E-9348-85D429C89092}.Release|x86.ActiveCfg = Release|Any CPU
		{FF61206E-8F0D-4F2E-9348-85D429C89092}.Release|x86.Build.0 = Release|Any CPU
		{6012FE14-261B-48BB-8BA7-1CA80BE93D46}.Debug|Any CPU.ActiveCfg = Debug|Any CPU
		{6012FE14-261B-48BB-8BA7-1CA80BE93D46}.Debug|Any CPU.Build.0 = Debug|Any CPU
		{6012FE14-261B-48BB-8BA7-1CA80BE93D46}.Debug|x64.ActiveCfg = Debug|Any CPU
		{6012FE14-261B-48BB-8BA7-1CA80BE93D46}.Debug|x64.Build.0 = Debug|Any CPU
		{6012FE14-261B-48BB-8BA7-1CA80BE93D46}.Debug|x86.ActiveCfg = Debug|Any CPU
		{6012FE14-261B-48BB-8BA7-1CA80BE93D46}.Debug|x86.Build.0 = Debug|Any CPU
		{6012FE14-261B-48BB-8BA7-1CA80BE93D46}.Release|Any CPU.ActiveCfg = Release|Any CPU
		{6012FE14-261B-48BB-8BA7-1CA80BE93D46}.Release|Any CPU.Build.0 = Release|Any CPU
		{6012FE14-261B-48BB-8BA7-1CA80BE93D46}.Release|x64.ActiveCfg = Release|Any CPU
		{6012FE14-261B-48BB-8BA7-1CA80BE93D46}.Release|x64.Build.0 = Release|Any CPU
		{6012FE14-261B-48BB-8BA7-1CA80BE93D46}.Release|x86.ActiveCfg = Release|Any CPU
		{6012FE14-261B-48BB-8BA7-1CA80BE93D46}.Release|x86.Build.0 = Release|Any CPU
		{510B73FE-2B5B-452A-A24A-705B437FDDEF}.Debug|Any CPU.ActiveCfg = Debug|Any CPU
		{510B73FE-2B5B-452A-A24A-705B437FDDEF}.Debug|Any CPU.Build.0 = Debug|Any CPU
		{510B73FE-2B5B-452A-A24A-705B437FDDEF}.Debug|x64.ActiveCfg = Debug|Any CPU
		{510B73FE-2B5B-452A-A24A-705B437FDDEF}.Debug|x64.Build.0 = Debug|Any CPU
		{510B73FE-2B5B-452A-A24A-705B437FDDEF}.Debug|x86.ActiveCfg = Debug|Any CPU
		{510B73FE-2B5B-452A-A24A-705B437FDDEF}.Debug|x86.Build.0 = Debug|Any CPU
		{510B73FE-2B5B-452A-A24A-705B437FDDEF}.Release|Any CPU.ActiveCfg = Release|Any CPU
		{510B73FE-2B5B-452A-A24A-705B437FDDEF}.Release|Any CPU.Build.0 = Release|Any CPU
		{510B73FE-2B5B-452A-A24A-705B437FDDEF}.Release|x64.ActiveCfg = Release|Any CPU
		{510B73FE-2B5B-452A-A24A-705B437FDDEF}.Release|x64.Build.0 = Release|Any CPU
		{510B73FE-2B5B-452A-A24A-705B437FDDEF}.Release|x86.ActiveCfg = Release|Any CPU
		{510B73FE-2B5B-452A-A24A-705B437FDDEF}.Release|x86.Build.0 = Release|Any CPU
		{1EDDC1BB-0A49-4190-B492-4A4929361307}.Debug|Any CPU.ActiveCfg = Debug|Any CPU
		{1EDDC1BB-0A49-4190-B492-4A4929361307}.Debug|Any CPU.Build.0 = Debug|Any CPU
		{1EDDC1BB-0A49-4190-B492-4A4929361307}.Debug|x64.ActiveCfg = Debug|Any CPU
		{1EDDC1BB-0A49-4190-B492-4A4929361307}.Debug|x64.Build.0 = Debug|Any CPU
		{1EDDC1BB-0A49-4190-B492-4A4929361307}.Debug|x86.ActiveCfg = Debug|Any CPU
		{1EDDC1BB-0A49-4190-B492-4A4929361307}.Debug|x86.Build.0 = Debug|Any CPU
		{1EDDC1BB-0A49-4190-B492-4A4929361307}.Release|Any CPU.ActiveCfg = Release|Any CPU
		{1EDDC1BB-0A49-4190-B492-4A4929361307}.Release|Any CPU.Build.0 = Release|Any CPU
		{1EDDC1BB-0A49-4190-B492-4A4929361307}.Release|x64.ActiveCfg = Release|Any CPU
		{1EDDC1BB-0A49-4190-B492-4A4929361307}.Release|x64.Build.0 = Release|Any CPU
		{1EDDC1BB-0A49-4190-B492-4A4929361307}.Release|x86.ActiveCfg = Release|Any CPU
		{1EDDC1BB-0A49-4190-B492-4A4929361307}.Release|x86.Build.0 = Release|Any CPU
		{2346706D-EBD4-4E15-AB90-B575F2CB726E}.Debug|Any CPU.ActiveCfg = Debug|Any CPU
		{2346706D-EBD4-4E15-AB90-B575F2CB726E}.Debug|Any CPU.Build.0 = Debug|Any CPU
		{2346706D-EBD4-4E15-AB90-B575F2CB726E}.Debug|x64.ActiveCfg = Debug|Any CPU
		{2346706D-EBD4-4E15-AB90-B575F2CB726E}.Debug|x64.Build.0 = Debug|Any CPU
		{2346706D-EBD4-4E15-AB90-B575F2CB726E}.Debug|x86.ActiveCfg = Debug|Any CPU
		{2346706D-EBD4-4E15-AB90-B575F2CB726E}.Debug|x86.Build.0 = Debug|Any CPU
		{2346706D-EBD4-4E15-AB90-B575F2CB726E}.Release|Any CPU.ActiveCfg = Release|Any CPU
		{2346706D-EBD4-4E15-AB90-B575F2CB726E}.Release|Any CPU.Build.0 = Release|Any CPU
		{2346706D-EBD4-4E15-AB90-B575F2CB726E}.Release|x64.ActiveCfg = Release|Any CPU
		{2346706D-EBD4-4E15-AB90-B575F2CB726E}.Release|x64.Build.0 = Release|Any CPU
		{2346706D-EBD4-4E15-AB90-B575F2CB726E}.Release|x86.ActiveCfg = Release|Any CPU
		{2346706D-EBD4-4E15-AB90-B575F2CB726E}.Release|x86.Build.0 = Release|Any CPU
		{CE65A20A-527A-423E-A470-AAE5E2A3D607}.Debug|Any CPU.ActiveCfg = Debug|Any CPU
		{CE65A20A-527A-423E-A470-AAE5E2A3D607}.Debug|Any CPU.Build.0 = Debug|Any CPU
		{CE65A20A-527A-423E-A470-AAE5E2A3D607}.Debug|x64.ActiveCfg = Debug|Any CPU
		{CE65A20A-527A-423E-A470-AAE5E2A3D607}.Debug|x64.Build.0 = Debug|Any CPU
		{CE65A20A-527A-423E-A470-AAE5E2A3D607}.Debug|x86.ActiveCfg = Debug|Any CPU
		{CE65A20A-527A-423E-A470-AAE5E2A3D607}.Debug|x86.Build.0 = Debug|Any CPU
		{CE65A20A-527A-423E-A470-AAE5E2A3D607}.Release|Any CPU.ActiveCfg = Release|Any CPU
		{CE65A20A-527A-423E-A470-AAE5E2A3D607}.Release|Any CPU.Build.0 = Release|Any CPU
		{CE65A20A-527A-423E-A470-AAE5E2A3D607}.Release|x64.ActiveCfg = Release|Any CPU
		{CE65A20A-527A-423E-A470-AAE5E2A3D607}.Release|x64.Build.0 = Release|Any CPU
		{CE65A20A-527A-423E-A470-AAE5E2A3D607}.Release|x86.ActiveCfg = Release|Any CPU
		{CE65A20A-527A-423E-A470-AAE5E2A3D607}.Release|x86.Build.0 = Release|Any CPU
		{5BB94D82-BA7B-4E17-AF90-2C681BC0074A}.Debug|Any CPU.ActiveCfg = Debug|Any CPU
		{5BB94D82-BA7B-4E17-AF90-2C681BC0074A}.Debug|Any CPU.Build.0 = Debug|Any CPU
		{5BB94D82-BA7B-4E17-AF90-2C681BC0074A}.Debug|x64.ActiveCfg = Debug|Any CPU
		{5BB94D82-BA7B-4E17-AF90-2C681BC0074A}.Debug|x64.Build.0 = Debug|Any CPU
		{5BB94D82-BA7B-4E17-AF90-2C681BC0074A}.Debug|x86.ActiveCfg = Debug|Any CPU
		{5BB94D82-BA7B-4E17-AF90-2C681BC0074A}.Debug|x86.Build.0 = Debug|Any CPU
		{5BB94D82-BA7B-4E17-AF90-2C681BC0074A}.Release|Any CPU.ActiveCfg = Release|Any CPU
		{5BB94D82-BA7B-4E17-AF90-2C681BC0074A}.Release|Any CPU.Build.0 = Release|Any CPU
		{5BB94D82-BA7B-4E17-AF90-2C681BC0074A}.Release|x64.ActiveCfg = Release|Any CPU
		{5BB94D82-BA7B-4E17-AF90-2C681BC0074A}.Release|x64.Build.0 = Release|Any CPU
		{5BB94D82-BA7B-4E17-AF90-2C681BC0074A}.Release|x86.ActiveCfg = Release|Any CPU
		{5BB94D82-BA7B-4E17-AF90-2C681BC0074A}.Release|x86.Build.0 = Release|Any CPU
		{A5F351CB-DF05-4607-9926-35B70D2E5BF8}.Debug|Any CPU.ActiveCfg = Debug|Any CPU
		{A5F351CB-DF05-4607-9926-35B70D2E5BF8}.Debug|Any CPU.Build.0 = Debug|Any CPU
		{A5F351CB-DF05-4607-9926-35B70D2E5BF8}.Debug|x64.ActiveCfg = Debug|Any CPU
		{A5F351CB-DF05-4607-9926-35B70D2E5BF8}.Debug|x64.Build.0 = Debug|Any CPU
		{A5F351CB-DF05-4607-9926-35B70D2E5BF8}.Debug|x86.ActiveCfg = Debug|Any CPU
		{A5F351CB-DF05-4607-9926-35B70D2E5BF8}.Debug|x86.Build.0 = Debug|Any CPU
		{A5F351CB-DF05-4607-9926-35B70D2E5BF8}.Release|Any CPU.ActiveCfg = Release|Any CPU
		{A5F351CB-DF05-4607-9926-35B70D2E5BF8}.Release|Any CPU.Build.0 = Release|Any CPU
		{A5F351CB-DF05-4607-9926-35B70D2E5BF8}.Release|x64.ActiveCfg = Release|Any CPU
		{A5F351CB-DF05-4607-9926-35B70D2E5BF8}.Release|x64.Build.0 = Release|Any CPU
		{A5F351CB-DF05-4607-9926-35B70D2E5BF8}.Release|x86.ActiveCfg = Release|Any CPU
		{A5F351CB-DF05-4607-9926-35B70D2E5BF8}.Release|x86.Build.0 = Release|Any CPU
		{77D6729A-949F-408A-93C3-3F2C844A09F2}.Debug|Any CPU.ActiveCfg = Debug|Any CPU
		{77D6729A-949F-408A-93C3-3F2C844A09F2}.Debug|Any CPU.Build.0 = Debug|Any CPU
		{77D6729A-949F-408A-93C3-3F2C844A09F2}.Debug|x64.ActiveCfg = Debug|Any CPU
		{77D6729A-949F-408A-93C3-3F2C844A09F2}.Debug|x64.Build.0 = Debug|Any CPU
		{77D6729A-949F-408A-93C3-3F2C844A09F2}.Debug|x86.ActiveCfg = Debug|Any CPU
		{77D6729A-949F-408A-93C3-3F2C844A09F2}.Debug|x86.Build.0 = Debug|Any CPU
		{77D6729A-949F-408A-93C3-3F2C844A09F2}.Release|Any CPU.ActiveCfg = Release|Any CPU
		{77D6729A-949F-408A-93C3-3F2C844A09F2}.Release|Any CPU.Build.0 = Release|Any CPU
		{77D6729A-949F-408A-93C3-3F2C844A09F2}.Release|x64.ActiveCfg = Release|Any CPU
		{77D6729A-949F-408A-93C3-3F2C844A09F2}.Release|x64.Build.0 = Release|Any CPU
		{77D6729A-949F-408A-93C3-3F2C844A09F2}.Release|x86.ActiveCfg = Release|Any CPU
		{77D6729A-949F-408A-93C3-3F2C844A09F2}.Release|x86.Build.0 = Release|Any CPU
		{4103B26B-F2FC-467B-9AA9-4B93D78040B0}.Debug|Any CPU.ActiveCfg = Debug|Any CPU
		{4103B26B-F2FC-467B-9AA9-4B93D78040B0}.Debug|Any CPU.Build.0 = Debug|Any CPU
		{4103B26B-F2FC-467B-9AA9-4B93D78040B0}.Debug|x64.ActiveCfg = Debug|Any CPU
		{4103B26B-F2FC-467B-9AA9-4B93D78040B0}.Debug|x64.Build.0 = Debug|Any CPU
		{4103B26B-F2FC-467B-9AA9-4B93D78040B0}.Debug|x86.ActiveCfg = Debug|Any CPU
		{4103B26B-F2FC-467B-9AA9-4B93D78040B0}.Debug|x86.Build.0 = Debug|Any CPU
		{4103B26B-F2FC-467B-9AA9-4B93D78040B0}.Release|Any CPU.ActiveCfg = Release|Any CPU
		{4103B26B-F2FC-467B-9AA9-4B93D78040B0}.Release|Any CPU.Build.0 = Release|Any CPU
		{4103B26B-F2FC-467B-9AA9-4B93D78040B0}.Release|x64.ActiveCfg = Release|Any CPU
		{4103B26B-F2FC-467B-9AA9-4B93D78040B0}.Release|x64.Build.0 = Release|Any CPU
		{4103B26B-F2FC-467B-9AA9-4B93D78040B0}.Release|x86.ActiveCfg = Release|Any CPU
		{4103B26B-F2FC-467B-9AA9-4B93D78040B0}.Release|x86.Build.0 = Release|Any CPU
		{D2376251-B699-4363-8C3F-5D2CED984132}.Debug|Any CPU.ActiveCfg = Debug|Any CPU
		{D2376251-B699-4363-8C3F-5D2CED984132}.Debug|Any CPU.Build.0 = Debug|Any CPU
		{D2376251-B699-4363-8C3F-5D2CED984132}.Debug|x64.ActiveCfg = Debug|Any CPU
		{D2376251-B699-4363-8C3F-5D2CED984132}.Debug|x64.Build.0 = Debug|Any CPU
		{D2376251-B699-4363-8C3F-5D2CED984132}.Debug|x86.ActiveCfg = Debug|Any CPU
		{D2376251-B699-4363-8C3F-5D2CED984132}.Debug|x86.Build.0 = Debug|Any CPU
		{D2376251-B699-4363-8C3F-5D2CED984132}.Release|Any CPU.ActiveCfg = Release|Any CPU
		{D2376251-B699-4363-8C3F-5D2CED984132}.Release|Any CPU.Build.0 = Release|Any CPU
		{D2376251-B699-4363-8C3F-5D2CED984132}.Release|x64.ActiveCfg = Release|Any CPU
		{D2376251-B699-4363-8C3F-5D2CED984132}.Release|x64.Build.0 = Release|Any CPU
		{D2376251-B699-4363-8C3F-5D2CED984132}.Release|x86.ActiveCfg = Release|Any CPU
		{D2376251-B699-4363-8C3F-5D2CED984132}.Release|x86.Build.0 = Release|Any CPU
		{59A75B0A-2A80-48FF-B08C-535E5B2D2EDC}.Debug|Any CPU.ActiveCfg = Debug|Any CPU
		{59A75B0A-2A80-48FF-B08C-535E5B2D2EDC}.Debug|Any CPU.Build.0 = Debug|Any CPU
		{59A75B0A-2A80-48FF-B08C-535E5B2D2EDC}.Debug|x64.ActiveCfg = Debug|Any CPU
		{59A75B0A-2A80-48FF-B08C-535E5B2D2EDC}.Debug|x64.Build.0 = Debug|Any CPU
		{59A75B0A-2A80-48FF-B08C-535E5B2D2EDC}.Debug|x86.ActiveCfg = Debug|Any CPU
		{59A75B0A-2A80-48FF-B08C-535E5B2D2EDC}.Debug|x86.Build.0 = Debug|Any CPU
		{59A75B0A-2A80-48FF-B08C-535E5B2D2EDC}.Release|Any CPU.ActiveCfg = Release|Any CPU
		{59A75B0A-2A80-48FF-B08C-535E5B2D2EDC}.Release|Any CPU.Build.0 = Release|Any CPU
		{59A75B0A-2A80-48FF-B08C-535E5B2D2EDC}.Release|x64.ActiveCfg = Release|Any CPU
		{59A75B0A-2A80-48FF-B08C-535E5B2D2EDC}.Release|x64.Build.0 = Release|Any CPU
		{59A75B0A-2A80-48FF-B08C-535E5B2D2EDC}.Release|x86.ActiveCfg = Release|Any CPU
		{59A75B0A-2A80-48FF-B08C-535E5B2D2EDC}.Release|x86.Build.0 = Release|Any CPU
		{4491754C-4ACF-4BE1-AFAD-2E595C6C0039}.Debug|Any CPU.ActiveCfg = Debug|Any CPU
		{4491754C-4ACF-4BE1-AFAD-2E595C6C0039}.Debug|Any CPU.Build.0 = Debug|Any CPU
		{4491754C-4ACF-4BE1-AFAD-2E595C6C0039}.Debug|x64.ActiveCfg = Debug|Any CPU
		{4491754C-4ACF-4BE1-AFAD-2E595C6C0039}.Debug|x64.Build.0 = Debug|Any CPU
		{4491754C-4ACF-4BE1-AFAD-2E595C6C0039}.Debug|x86.ActiveCfg = Debug|Any CPU
		{4491754C-4ACF-4BE1-AFAD-2E595C6C0039}.Debug|x86.Build.0 = Debug|Any CPU
		{4491754C-4ACF-4BE1-AFAD-2E595C6C0039}.Release|Any CPU.ActiveCfg = Release|Any CPU
		{4491754C-4ACF-4BE1-AFAD-2E595C6C0039}.Release|Any CPU.Build.0 = Release|Any CPU
		{4491754C-4ACF-4BE1-AFAD-2E595C6C0039}.Release|x64.ActiveCfg = Release|Any CPU
		{4491754C-4ACF-4BE1-AFAD-2E595C6C0039}.Release|x64.Build.0 = Release|Any CPU
		{4491754C-4ACF-4BE1-AFAD-2E595C6C0039}.Release|x86.ActiveCfg = Release|Any CPU
		{4491754C-4ACF-4BE1-AFAD-2E595C6C0039}.Release|x86.Build.0 = Release|Any CPU
		{970EC447-948B-4D7C-B81E-77E01470E271}.Debug|Any CPU.ActiveCfg = Debug|Any CPU
		{970EC447-948B-4D7C-B81E-77E01470E271}.Debug|Any CPU.Build.0 = Debug|Any CPU
		{970EC447-948B-4D7C-B81E-77E01470E271}.Debug|x64.ActiveCfg = Debug|Any CPU
		{970EC447-948B-4D7C-B81E-77E01470E271}.Debug|x64.Build.0 = Debug|Any CPU
		{970EC447-948B-4D7C-B81E-77E01470E271}.Debug|x86.ActiveCfg = Debug|Any CPU
		{970EC447-948B-4D7C-B81E-77E01470E271}.Debug|x86.Build.0 = Debug|Any CPU
		{970EC447-948B-4D7C-B81E-77E01470E271}.Release|Any CPU.ActiveCfg = Release|Any CPU
		{970EC447-948B-4D7C-B81E-77E01470E271}.Release|Any CPU.Build.0 = Release|Any CPU
		{970EC447-948B-4D7C-B81E-77E01470E271}.Release|x64.ActiveCfg = Release|Any CPU
		{970EC447-948B-4D7C-B81E-77E01470E271}.Release|x64.Build.0 = Release|Any CPU
		{970EC447-948B-4D7C-B81E-77E01470E271}.Release|x86.ActiveCfg = Release|Any CPU
		{970EC447-948B-4D7C-B81E-77E01470E271}.Release|x86.Build.0 = Release|Any CPU
		{622F94AD-EF82-4D8A-BE57-C2067E526053}.Debug|Any CPU.ActiveCfg = Debug|Any CPU
		{622F94AD-EF82-4D8A-BE57-C2067E526053}.Debug|Any CPU.Build.0 = Debug|Any CPU
		{622F94AD-EF82-4D8A-BE57-C2067E526053}.Debug|x64.ActiveCfg = Debug|Any CPU
		{622F94AD-EF82-4D8A-BE57-C2067E526053}.Debug|x64.Build.0 = Debug|Any CPU
		{622F94AD-EF82-4D8A-BE57-C2067E526053}.Debug|x86.ActiveCfg = Debug|Any CPU
		{622F94AD-EF82-4D8A-BE57-C2067E526053}.Debug|x86.Build.0 = Debug|Any CPU
		{622F94AD-EF82-4D8A-BE57-C2067E526053}.Release|Any CPU.ActiveCfg = Release|Any CPU
		{622F94AD-EF82-4D8A-BE57-C2067E526053}.Release|Any CPU.Build.0 = Release|Any CPU
		{622F94AD-EF82-4D8A-BE57-C2067E526053}.Release|x64.ActiveCfg = Release|Any CPU
		{622F94AD-EF82-4D8A-BE57-C2067E526053}.Release|x64.Build.0 = Release|Any CPU
		{622F94AD-EF82-4D8A-BE57-C2067E526053}.Release|x86.ActiveCfg = Release|Any CPU
		{622F94AD-EF82-4D8A-BE57-C2067E526053}.Release|x86.Build.0 = Release|Any CPU
		{DDDA2B11-7B90-4B97-BD50-406070454DEF}.Debug|Any CPU.ActiveCfg = Debug|Any CPU
		{DDDA2B11-7B90-4B97-BD50-406070454DEF}.Debug|Any CPU.Build.0 = Debug|Any CPU
		{DDDA2B11-7B90-4B97-BD50-406070454DEF}.Debug|x64.ActiveCfg = Debug|Any CPU
		{DDDA2B11-7B90-4B97-BD50-406070454DEF}.Debug|x64.Build.0 = Debug|Any CPU
		{DDDA2B11-7B90-4B97-BD50-406070454DEF}.Debug|x86.ActiveCfg = Debug|Any CPU
		{DDDA2B11-7B90-4B97-BD50-406070454DEF}.Debug|x86.Build.0 = Debug|Any CPU
		{DDDA2B11-7B90-4B97-BD50-406070454DEF}.Release|Any CPU.ActiveCfg = Release|Any CPU
		{DDDA2B11-7B90-4B97-BD50-406070454DEF}.Release|Any CPU.Build.0 = Release|Any CPU
		{DDDA2B11-7B90-4B97-BD50-406070454DEF}.Release|x64.ActiveCfg = Release|Any CPU
		{DDDA2B11-7B90-4B97-BD50-406070454DEF}.Release|x64.Build.0 = Release|Any CPU
		{DDDA2B11-7B90-4B97-BD50-406070454DEF}.Release|x86.ActiveCfg = Release|Any CPU
		{DDDA2B11-7B90-4B97-BD50-406070454DEF}.Release|x86.Build.0 = Release|Any CPU
		{36C83464-CD80-45BE-A20D-A5E8F0DD7454}.Debug|Any CPU.ActiveCfg = Debug|Any CPU
		{36C83464-CD80-45BE-A20D-A5E8F0DD7454}.Debug|Any CPU.Build.0 = Debug|Any CPU
		{36C83464-CD80-45BE-A20D-A5E8F0DD7454}.Debug|x64.ActiveCfg = Debug|Any CPU
		{36C83464-CD80-45BE-A20D-A5E8F0DD7454}.Debug|x64.Build.0 = Debug|Any CPU
		{36C83464-CD80-45BE-A20D-A5E8F0DD7454}.Debug|x86.ActiveCfg = Debug|Any CPU
		{36C83464-CD80-45BE-A20D-A5E8F0DD7454}.Debug|x86.Build.0 = Debug|Any CPU
		{36C83464-CD80-45BE-A20D-A5E8F0DD7454}.Release|Any CPU.ActiveCfg = Release|Any CPU
		{36C83464-CD80-45BE-A20D-A5E8F0DD7454}.Release|Any CPU.Build.0 = Release|Any CPU
		{36C83464-CD80-45BE-A20D-A5E8F0DD7454}.Release|x64.ActiveCfg = Release|Any CPU
		{36C83464-CD80-45BE-A20D-A5E8F0DD7454}.Release|x64.Build.0 = Release|Any CPU
		{36C83464-CD80-45BE-A20D-A5E8F0DD7454}.Release|x86.ActiveCfg = Release|Any CPU
		{36C83464-CD80-45BE-A20D-A5E8F0DD7454}.Release|x86.Build.0 = Release|Any CPU
		{083963FA-E952-4C73-B9EF-810E61602653}.Debug|Any CPU.ActiveCfg = Debug|Any CPU
		{083963FA-E952-4C73-B9EF-810E61602653}.Debug|Any CPU.Build.0 = Debug|Any CPU
		{083963FA-E952-4C73-B9EF-810E61602653}.Debug|x64.ActiveCfg = Debug|Any CPU
		{083963FA-E952-4C73-B9EF-810E61602653}.Debug|x64.Build.0 = Debug|Any CPU
		{083963FA-E952-4C73-B9EF-810E61602653}.Debug|x86.ActiveCfg = Debug|Any CPU
		{083963FA-E952-4C73-B9EF-810E61602653}.Debug|x86.Build.0 = Debug|Any CPU
		{083963FA-E952-4C73-B9EF-810E61602653}.Release|Any CPU.ActiveCfg = Release|Any CPU
		{083963FA-E952-4C73-B9EF-810E61602653}.Release|Any CPU.Build.0 = Release|Any CPU
		{083963FA-E952-4C73-B9EF-810E61602653}.Release|x64.ActiveCfg = Release|Any CPU
		{083963FA-E952-4C73-B9EF-810E61602653}.Release|x64.Build.0 = Release|Any CPU
		{083963FA-E952-4C73-B9EF-810E61602653}.Release|x86.ActiveCfg = Release|Any CPU
		{083963FA-E952-4C73-B9EF-810E61602653}.Release|x86.Build.0 = Release|Any CPU
		{F5815D06-4300-431B-AF6B-59E29BD6DCBC}.Debug|Any CPU.ActiveCfg = Debug|Any CPU
		{F5815D06-4300-431B-AF6B-59E29BD6DCBC}.Debug|Any CPU.Build.0 = Debug|Any CPU
		{F5815D06-4300-431B-AF6B-59E29BD6DCBC}.Debug|x64.ActiveCfg = Debug|Any CPU
		{F5815D06-4300-431B-AF6B-59E29BD6DCBC}.Debug|x64.Build.0 = Debug|Any CPU
		{F5815D06-4300-431B-AF6B-59E29BD6DCBC}.Debug|x86.ActiveCfg = Debug|Any CPU
		{F5815D06-4300-431B-AF6B-59E29BD6DCBC}.Debug|x86.Build.0 = Debug|Any CPU
		{F5815D06-4300-431B-AF6B-59E29BD6DCBC}.Release|Any CPU.ActiveCfg = Release|Any CPU
		{F5815D06-4300-431B-AF6B-59E29BD6DCBC}.Release|Any CPU.Build.0 = Release|Any CPU
		{F5815D06-4300-431B-AF6B-59E29BD6DCBC}.Release|x64.ActiveCfg = Release|Any CPU
		{F5815D06-4300-431B-AF6B-59E29BD6DCBC}.Release|x64.Build.0 = Release|Any CPU
		{F5815D06-4300-431B-AF6B-59E29BD6DCBC}.Release|x86.ActiveCfg = Release|Any CPU
		{F5815D06-4300-431B-AF6B-59E29BD6DCBC}.Release|x86.Build.0 = Release|Any CPU
		{3B1A04A7-4F50-4CA4-BB0A-CEB36022A728}.Debug|Any CPU.ActiveCfg = Debug|Any CPU
		{3B1A04A7-4F50-4CA4-BB0A-CEB36022A728}.Debug|Any CPU.Build.0 = Debug|Any CPU
		{3B1A04A7-4F50-4CA4-BB0A-CEB36022A728}.Debug|x64.ActiveCfg = Debug|Any CPU
		{3B1A04A7-4F50-4CA4-BB0A-CEB36022A728}.Debug|x64.Build.0 = Debug|Any CPU
		{3B1A04A7-4F50-4CA4-BB0A-CEB36022A728}.Debug|x86.ActiveCfg = Debug|Any CPU
		{3B1A04A7-4F50-4CA4-BB0A-CEB36022A728}.Debug|x86.Build.0 = Debug|Any CPU
		{3B1A04A7-4F50-4CA4-BB0A-CEB36022A728}.Release|Any CPU.ActiveCfg = Release|Any CPU
		{3B1A04A7-4F50-4CA4-BB0A-CEB36022A728}.Release|Any CPU.Build.0 = Release|Any CPU
		{3B1A04A7-4F50-4CA4-BB0A-CEB36022A728}.Release|x64.ActiveCfg = Release|Any CPU
		{3B1A04A7-4F50-4CA4-BB0A-CEB36022A728}.Release|x64.Build.0 = Release|Any CPU
		{3B1A04A7-4F50-4CA4-BB0A-CEB36022A728}.Release|x86.ActiveCfg = Release|Any CPU
		{3B1A04A7-4F50-4CA4-BB0A-CEB36022A728}.Release|x86.Build.0 = Release|Any CPU
		{47B23001-2A34-4AE2-AE32-EA1C1837D349}.Debug|Any CPU.ActiveCfg = Debug|Any CPU
		{47B23001-2A34-4AE2-AE32-EA1C1837D349}.Debug|Any CPU.Build.0 = Debug|Any CPU
		{47B23001-2A34-4AE2-AE32-EA1C1837D349}.Debug|x64.ActiveCfg = Debug|Any CPU
		{47B23001-2A34-4AE2-AE32-EA1C1837D349}.Debug|x64.Build.0 = Debug|Any CPU
		{47B23001-2A34-4AE2-AE32-EA1C1837D349}.Debug|x86.ActiveCfg = Debug|Any CPU
		{47B23001-2A34-4AE2-AE32-EA1C1837D349}.Debug|x86.Build.0 = Debug|Any CPU
		{47B23001-2A34-4AE2-AE32-EA1C1837D349}.Release|Any CPU.ActiveCfg = Release|Any CPU
		{47B23001-2A34-4AE2-AE32-EA1C1837D349}.Release|Any CPU.Build.0 = Release|Any CPU
		{47B23001-2A34-4AE2-AE32-EA1C1837D349}.Release|x64.ActiveCfg = Release|Any CPU
		{47B23001-2A34-4AE2-AE32-EA1C1837D349}.Release|x64.Build.0 = Release|Any CPU
		{47B23001-2A34-4AE2-AE32-EA1C1837D349}.Release|x86.ActiveCfg = Release|Any CPU
		{47B23001-2A34-4AE2-AE32-EA1C1837D349}.Release|x86.Build.0 = Release|Any CPU
	EndGlobalSection
	GlobalSection(SolutionProperties) = preSolution
		HideSolutionNode = FALSE
	EndGlobalSection
	GlobalSection(NestedProjects) = preSolution
		{3C60752B-34A5-4398-B491-4D074159AD19} = {3E988BC5-6E6C-4786-8A72-E4C62A55C56D}
		{75D930AE-A148-406C-84AD-4BB388A7B50D} = {A0433137-726F-487D-A11E-CADBC618CC50}
		{182867CA-5C7E-40AC-B54B-6C75A9AFF1EC} = {ACAA0E0C-4E84-4429-BF5C-3AB6B9262515}
		{901F56E8-C996-4A40-8C9F-CF665E2E2392} = {182867CA-5C7E-40AC-B54B-6C75A9AFF1EC}
		{C650F8E8-153C-4D95-90C6-357D86F532E5} = {A66B80EF-E504-4CE7-8110-AF6F687BA23D}
		{935DEFE7-5446-491F-98CB-B603B0B190BB} = {3E988BC5-6E6C-4786-8A72-E4C62A55C56D}
		{27E897F0-3A58-4B83-B8AD-7F6BDBB7D4F3} = {935DEFE7-5446-491F-98CB-B603B0B190BB}
		{B33423E5-CCB9-4C52-88C0-2271D60B63A6} = {151DBF97-12E5-4B80-B40A-4497E53EF51E}
		{89D5D316-9EA6-4A63-995E-E81EF338FAAC} = {F8EEB521-BCA0-475E-B9D9-5B62075EB494}
		{E49F2C38-7C74-4435-AFD5-2184283C63A0} = {B33423E5-CCB9-4C52-88C0-2271D60B63A6}
		{135A056A-96F4-4816-B66A-47B0E123A5BD} = {5E982CC8-7606-457C-9408-29E6EDEA37FF}
		{80490AB0-83F3-4ED1-ABD6-A372D0AA951D} = {135A056A-96F4-4816-B66A-47B0E123A5BD}
		{AE39BE38-0A7C-4BF7-BF7C-DCAFA0C80B9D} = {935DEFE7-5446-491F-98CB-B603B0B190BB}
		{1AF3EB91-6079-4916-A9F2-A00FDB46F6F8} = {935DEFE7-5446-491F-98CB-B603B0B190BB}
		{A9B96964-E13D-41A7-9FDF-9AEA2D29C585} = {935DEFE7-5446-491F-98CB-B603B0B190BB}
		{0A279F87-674A-431A-BE44-613F2731FD8C} = {935DEFE7-5446-491F-98CB-B603B0B190BB}
		{255C5FB7-E6FF-4216-8779-ABF11865B17F} = {935DEFE7-5446-491F-98CB-B603B0B190BB}
		{A9641D9C-8C4F-4A61-AAE8-61DC68EBD9F4} = {98A045DE-C0F7-47AB-A8FF-7C07D75BBF62}
		{770969A6-4E24-4D0F-B4BF-77F993F5C116} = {7A26609B-FA9E-4C21-BA59-400A770206DB}
		{76D90E62-C623-44F3-86F4-9A0C510CC3DA} = {84FC22A9-662C-4E9B-9CF5-FACAD178287D}
		{2FA99632-0D61-424D-BC62-061DAFB36126} = {76D90E62-C623-44F3-86F4-9A0C510CC3DA}
		{800AFFBC-568F-47F8-ACF1-735C38D29076} = {37A43FB1-3749-459A-AA9D-9E11DD67C2D7}
		{D7EE5AFE-5757-416D-A2F8-EAA166B3F850} = {935DEFE7-5446-491F-98CB-B603B0B190BB}
		{E7790BFB-A01B-4DA0-9B02-1A8E9FC6DD63} = {935DEFE7-5446-491F-98CB-B603B0B190BB}
		{1E231BAD-31AB-4A95-A42B-1BE603BC0D04} = {935DEFE7-5446-491F-98CB-B603B0B190BB}
		{CFD14FFC-A8BC-4911-AC17-2177A9D62938} = {935DEFE7-5446-491F-98CB-B603B0B190BB}
		{3FDB8734-8F49-4BF3-97D6-1D81BCBBA2B2} = {935DEFE7-5446-491F-98CB-B603B0B190BB}
		{355072C6-6D3E-4B3F-A1AB-F69AE883EC7D} = {935DEFE7-5446-491F-98CB-B603B0B190BB}
		{C8C1D2C6-8777-4CCF-9771-D6FA277B5760} = {935DEFE7-5446-491F-98CB-B603B0B190BB}
		{49E668BE-AA50-4BA3-80FE-90C0ADFCA349} = {935DEFE7-5446-491F-98CB-B603B0B190BB}
		{DEF3D1F8-550E-466B-9503-4000425086A7} = {935DEFE7-5446-491F-98CB-B603B0B190BB}
		{97CDF836-9816-4B47-A077-69904B00785F} = {935DEFE7-5446-491F-98CB-B603B0B190BB}
		{A7EA38E5-8A8D-4CCE-8B6D-8B5DA2A5DD61} = {6C0048BB-F8D1-429E-8196-B6C12D4F92EA}
		{EFAAEA5F-6E98-4DB4-81C2-62F08D2B6188} = {A7EA38E5-8A8D-4CCE-8B6D-8B5DA2A5DD61}
		{06F0A17C-1F76-4A7C-A20E-DB50147B838F} = {9A098D79-C389-42CC-90DF-2E7C989DA278}
		{231613AA-5EC7-4057-A110-D8E775F35A74} = {935DEFE7-5446-491F-98CB-B603B0B190BB}
		{423B99EC-9E1C-4819-BC61-53882405C3DF} = {935DEFE7-5446-491F-98CB-B603B0B190BB}
		{FF61206E-8F0D-4F2E-9348-85D429C89092} = {935DEFE7-5446-491F-98CB-B603B0B190BB}
		{6012FE14-261B-48BB-8BA7-1CA80BE93D46} = {935DEFE7-5446-491F-98CB-B603B0B190BB}
		{510B73FE-2B5B-452A-A24A-705B437FDDEF} = {935DEFE7-5446-491F-98CB-B603B0B190BB}
		{1EDDC1BB-0A49-4190-B492-4A4929361307} = {935DEFE7-5446-491F-98CB-B603B0B190BB}
		{2346706D-EBD4-4E15-AB90-B575F2CB726E} = {935DEFE7-5446-491F-98CB-B603B0B190BB}
		{CE65A20A-527A-423E-A470-AAE5E2A3D607} = {935DEFE7-5446-491F-98CB-B603B0B190BB}
		{E66A6D68-E819-4829-9BBF-215F8F674210} = {D1EB7D43-684F-4C6F-A99C-648691DAE4D0}
		{5BB94D82-BA7B-4E17-AF90-2C681BC0074A} = {E66A6D68-E819-4829-9BBF-215F8F674210}
		{A5F351CB-DF05-4607-9926-35B70D2E5BF8} = {9DA8C492-BCB4-4307-9C94-6896D78FE1D9}
		{77D6729A-949F-408A-93C3-3F2C844A09F2} = {935DEFE7-5446-491F-98CB-B603B0B190BB}
		{4103B26B-F2FC-467B-9AA9-4B93D78040B0} = {935DEFE7-5446-491F-98CB-B603B0B190BB}
		{D2376251-B699-4363-8C3F-5D2CED984132} = {935DEFE7-5446-491F-98CB-B603B0B190BB}
		{59A75B0A-2A80-48FF-B08C-535E5B2D2EDC} = {CF7F974D-5214-4A26-ADD9-6B732A5F7301}
		{4491754C-4ACF-4BE1-AFAD-2E595C6C0039} = {4F4AC1A7-A75E-42D5-8586-72B026DDEC22}
		{84FC22A9-662C-4E9B-9CF5-FACAD178287D} = {3E988BC5-6E6C-4786-8A72-E4C62A55C56D}
		{970EC447-948B-4D7C-B81E-77E01470E271} = {7F977303-E02A-4A9C-B2B3-BCFE1FF84985}
		{151DBF97-12E5-4B80-B40A-4497E53EF51E} = {3E988BC5-6E6C-4786-8A72-E4C62A55C56D}
		{622F94AD-EF82-4D8A-BE57-C2067E526053} = {394879BB-EA68-46A3-8E26-DCE0F16203ED}
		{5E982CC8-7606-457C-9408-29E6EDEA37FF} = {3E988BC5-6E6C-4786-8A72-E4C62A55C56D}
		{DDDA2B11-7B90-4B97-BD50-406070454DEF} = {92B27F76-EEEB-4CAA-A839-89D9EB7861D7}
		{D1EB7D43-684F-4C6F-A99C-648691DAE4D0} = {3E988BC5-6E6C-4786-8A72-E4C62A55C56D}
		{36C83464-CD80-45BE-A20D-A5E8F0DD7454} = {23043967-1D1E-4B50-A37B-B0BE02FFDC2B}
		{ACAA0E0C-4E84-4429-BF5C-3AB6B9262515} = {3E988BC5-6E6C-4786-8A72-E4C62A55C56D}
		{083963FA-E952-4C73-B9EF-810E61602653} = {B1C9652C-97A6-41DC-9EDD-C60AC02EB98C}
		{6C0048BB-F8D1-429E-8196-B6C12D4F92EA} = {3E988BC5-6E6C-4786-8A72-E4C62A55C56D}
		{F5815D06-4300-431B-AF6B-59E29BD6DCBC} = {6ABAA51C-C854-47AA-824E-7DA25E9F9048}
		{5211BB94-8ACE-4801-A4F5-3744CE9D14C3} = {3E988BC5-6E6C-4786-8A72-E4C62A55C56D}
		{3B1A04A7-4F50-4CA4-BB0A-CEB36022A728} = {672B5B5F-3A36-4516-9B49-EB719E50379C}
		{4F4AC1A7-A75E-42D5-8586-72B026DDEC22} = {3C60752B-34A5-4398-B491-4D074159AD19}
		{A0433137-726F-487D-A11E-CADBC618CC50} = {3C60752B-34A5-4398-B491-4D074159AD19}
		{CF7F974D-5214-4A26-ADD9-6B732A5F7301} = {3C60752B-34A5-4398-B491-4D074159AD19}
		{7F977303-E02A-4A9C-B2B3-BCFE1FF84985} = {84FC22A9-662C-4E9B-9CF5-FACAD178287D}
		{37A43FB1-3749-459A-AA9D-9E11DD67C2D7} = {84FC22A9-662C-4E9B-9CF5-FACAD178287D}
		{394879BB-EA68-46A3-8E26-DCE0F16203ED} = {151DBF97-12E5-4B80-B40A-4497E53EF51E}
		{F8EEB521-BCA0-475E-B9D9-5B62075EB494} = {151DBF97-12E5-4B80-B40A-4497E53EF51E}
		{7A26609B-FA9E-4C21-BA59-400A770206DB} = {5E982CC8-7606-457C-9408-29E6EDEA37FF}
		{92B27F76-EEEB-4CAA-A839-89D9EB7861D7} = {5E982CC8-7606-457C-9408-29E6EDEA37FF}
		{A66B80EF-E504-4CE7-8110-AF6F687BA23D} = {ACAA0E0C-4E84-4429-BF5C-3AB6B9262515}
		{B1C9652C-97A6-41DC-9EDD-C60AC02EB98C} = {ACAA0E0C-4E84-4429-BF5C-3AB6B9262515}
		{23043967-1D1E-4B50-A37B-B0BE02FFDC2B} = {D1EB7D43-684F-4C6F-A99C-648691DAE4D0}
		{9DA8C492-BCB4-4307-9C94-6896D78FE1D9} = {D1EB7D43-684F-4C6F-A99C-648691DAE4D0}
		{6ABAA51C-C854-47AA-824E-7DA25E9F9048} = {6C0048BB-F8D1-429E-8196-B6C12D4F92EA}
		{9A098D79-C389-42CC-90DF-2E7C989DA278} = {6C0048BB-F8D1-429E-8196-B6C12D4F92EA}
		{98A045DE-C0F7-47AB-A8FF-7C07D75BBF62} = {5211BB94-8ACE-4801-A4F5-3744CE9D14C3}
		{672B5B5F-3A36-4516-9B49-EB719E50379C} = {5211BB94-8ACE-4801-A4F5-3744CE9D14C3}
		{B2620CB1-4F92-4A05-844A-8FA6B9042771} = {5211BB94-8ACE-4801-A4F5-3744CE9D14C3}
		{47B23001-2A34-4AE2-AE32-EA1C1837D349} = {B2620CB1-4F92-4A05-844A-8FA6B9042771}
	EndGlobalSection
	GlobalSection(ExtensibilityGlobals) = postSolution
		SolutionGuid = {27024195-57EA-481C-A555-87C2EBF0A9D2}
	EndGlobalSection
EndGlobal
