
Microsoft Visual Studio Solution File, Format Version 12.00
# Visual Studio 15
VisualStudioVersion = 15.0.26124.0
MinimumVisualStudioVersion = 15.0.26124.0
Project("{2150E333-8FDC-42A3-9474-1A3956D46DE8}") = "src", "src", "{D7F90329-D166-43A1-9561-C9AC3F1890D5}"
EndProject
Project("{2150E333-8FDC-42A3-9474-1A3956D46DE8}") = "Microsoft.Extensions.Caching", "Microsoft.Extensions.Caching", "{3C60752B-34A5-4398-B491-4D074159AD19}"
EndProject
Project("{9A19103F-16F7-4668-BE54-9A1E7A4F7556}") = "Microsoft.Extensions.Caching", "src\Microsoft.Extensions.Caching\src\Microsoft.Extensions.Caching.csproj", "{75D930AE-A148-406C-84AD-4BB388A7B50D}"
EndProject
Project("{2150E333-8FDC-42A3-9474-1A3956D46DE8}") = "Microsoft.Extensions.ObjectPool", "Microsoft.Extensions.ObjectPool", "{182867CA-5C7E-40AC-B54B-6C75A9AFF1EC}"
EndProject
Project("{9A19103F-16F7-4668-BE54-9A1E7A4F7556}") = "Microsoft.Extensions.ObjectPool", "src\Microsoft.Extensions.ObjectPool\src\Microsoft.Extensions.ObjectPool.csproj", "{901F56E8-C996-4A40-8C9F-CF665E2E2392}"
EndProject
Project("{9A19103F-16F7-4668-BE54-9A1E7A4F7556}") = "Microsoft.Extensions.ObjectPool.Test", "src\Microsoft.Extensions.ObjectPool\test\Microsoft.Extensions.ObjectPool.Test.csproj", "{C650F8E8-153C-4D95-90C6-357D86F532E5}"
EndProject
Project("{2150E333-8FDC-42A3-9474-1A3956D46DE8}") = "CompatFacades", "CompatFacades", "{935DEFE7-5446-491F-98CB-B603B0B190BB}"
EndProject
Project("{9A19103F-16F7-4668-BE54-9A1E7A4F7556}") = "Microsoft.Extensions.DependencyInjection.Abstractions", "src\CompatFacades\Microsoft.Extensions.DependencyInjection.Abstractions\Microsoft.Extensions.DependencyInjection.Abstractions.csproj", "{27E897F0-3A58-4B83-B8AD-7F6BDBB7D4F3}"
EndProject
Project("{2150E333-8FDC-42A3-9474-1A3956D46DE8}") = "Microsoft.Extensions.DependencyInjection", "Microsoft.Extensions.DependencyInjection", "{B33423E5-CCB9-4C52-88C0-2271D60B63A6}"
EndProject
Project("{9A19103F-16F7-4668-BE54-9A1E7A4F7556}") = "Microsoft.Extensions.DependencyInjection.Tests", "src\Microsoft.Extensions.DependencyInjection\test\Microsoft.Extensions.DependencyInjection.Tests.csproj", "{89D5D316-9EA6-4A63-995E-E81EF338FAAC}"
EndProject
Project("{9A19103F-16F7-4668-BE54-9A1E7A4F7556}") = "Microsoft.Extensions.DependencyInjection", "src\Microsoft.Extensions.DependencyInjection\src\Microsoft.Extensions.DependencyInjection.csproj", "{E49F2C38-7C74-4435-AFD5-2184283C63A0}"
EndProject
Project("{2150E333-8FDC-42A3-9474-1A3956D46DE8}") = "Microsoft.Extensions.FileSystem", "Microsoft.Extensions.FileSystem", "{135A056A-96F4-4816-B66A-47B0E123A5BD}"
EndProject
Project("{9A19103F-16F7-4668-BE54-9A1E7A4F7556}") = "Microsoft.Extensions.FileSystem", "src\Microsoft.Extensions.FileSystem\src\Microsoft.Extensions.FileSystem.csproj", "{80490AB0-83F3-4ED1-ABD6-A372D0AA951D}"
EndProject
Project("{9A19103F-16F7-4668-BE54-9A1E7A4F7556}") = "Microsoft.Extensions.FileProviders.Abstractions", "src\CompatFacades\Microsoft.Extensions.FileProviders.Abstractions\Microsoft.Extensions.FileProviders.Abstractions.csproj", "{AE39BE38-0A7C-4BF7-BF7C-DCAFA0C80B9D}"
EndProject
Project("{9A19103F-16F7-4668-BE54-9A1E7A4F7556}") = "Microsoft.Extensions.FileProviders.Composite", "src\CompatFacades\Microsoft.Extensions.FileProviders.Composite\Microsoft.Extensions.FileProviders.Composite.csproj", "{1AF3EB91-6079-4916-A9F2-A00FDB46F6F8}"
EndProject
Project("{9A19103F-16F7-4668-BE54-9A1E7A4F7556}") = "Microsoft.Extensions.FileProviders.Embedded", "src\CompatFacades\Microsoft.Extensions.FileProviders.Embedded\Microsoft.Extensions.FileProviders.Embedded.csproj", "{A9B96964-E13D-41A7-9FDF-9AEA2D29C585}"
EndProject
Project("{9A19103F-16F7-4668-BE54-9A1E7A4F7556}") = "Microsoft.Extensions.FileProviders.Physical", "src\CompatFacades\Microsoft.Extensions.FileProviders.Physical\Microsoft.Extensions.FileProviders.Physical.csproj", "{0A279F87-674A-431A-BE44-613F2731FD8C}"
EndProject
Project("{9A19103F-16F7-4668-BE54-9A1E7A4F7556}") = "Microsoft.Extensions.FileSystemGlobbing", "src\CompatFacades\Microsoft.Extensions.FileSystemGlobbing\Microsoft.Extensions.FileSystemGlobbing.csproj", "{255C5FB7-E6FF-4216-8779-ABF11865B17F}"
EndProject
Project("{2150E333-8FDC-42A3-9474-1A3956D46DE8}") = "Microsoft.Extensions.Primitives", "Microsoft.Extensions.Primitives", "{738E53A5-D466-450D-AB08-876D0535011E}"
EndProject
Project("FAE04EC0-301F-11D3-BF4B-00C04F79EFBC") = "Microsoft.Extensions.Primitives", "src\Microsoft.Extensions.Primitives\src\Microsoft.Extensions.Primitives.csproj", "{A9641D9C-8C4F-4A61-AAE8-61DC68EBD9F4}"
EndProject
Project("FAE04EC0-301F-11D3-BF4B-00C04F79EFBC") = "Microsoft.Extensions.FileSystem.Tests", "src\Microsoft.Extensions.FileSystem\test\Microsoft.Extensions.FileSystem.Tests.csproj", "{770969A6-4E24-4D0F-B4BF-77F993F5C116}"
EndProject
Project("{2150E333-8FDC-42A3-9474-1A3956D46DE8}") = "Microsoft.Extensions.Configuration", "Microsoft.Extensions.Configuration", "{76D90E62-C623-44F3-86F4-9A0C510CC3DA}"
EndProject
Project("FAE04EC0-301F-11D3-BF4B-00C04F79EFBC") = "Microsoft.Extensions.Configuration", "src\Microsoft.Extensions.Configuration\src\Microsoft.Extensions.Configuration.csproj", "{2FA99632-0D61-424D-BC62-061DAFB36126}"
EndProject
Project("FAE04EC0-301F-11D3-BF4B-00C04F79EFBC") = "Microsoft.Extensions.Configuration.Tests", "src\Microsoft.Extensions.Configuration\test\Microsoft.Extensions.Configuration.Tests.csproj", "{800AFFBC-568F-47F8-ACF1-735C38D29076}"
EndProject
Project("FAE04EC0-301F-11D3-BF4B-00C04F79EFBC") = "Microsoft.Extensions.Configuration.Abstractions", "src\CompatFacades\Microsoft.Extensions.Configuration.Abstractions\Microsoft.Extensions.Configuration.Abstractions.csproj", "{D7EE5AFE-5757-416D-A2F8-EAA166B3F850}"
EndProject
Project("FAE04EC0-301F-11D3-BF4B-00C04F79EFBC") = "Microsoft.Extensions.Configuration.Binder", "src\CompatFacades\Microsoft.Extensions.Configuration.Binder\Microsoft.Extensions.Configuration.Binder.csproj", "{E7790BFB-A01B-4DA0-9B02-1A8E9FC6DD63}"
EndProject
Project("FAE04EC0-301F-11D3-BF4B-00C04F79EFBC") = "Microsoft.Extensions.Configuration.CommandLine", "src\CompatFacades\Microsoft.Extensions.Configuration.CommandLine\Microsoft.Extensions.Configuration.CommandLine.csproj", "{1E231BAD-31AB-4A95-A42B-1BE603BC0D04}"
EndProject
Project("FAE04EC0-301F-11D3-BF4B-00C04F79EFBC") = "Microsoft.Extensions.Configuration.EnvironmentVariables", "src\CompatFacades\Microsoft.Extensions.Configuration.EnvironmentVariables\Microsoft.Extensions.Configuration.EnvironmentVariables.csproj", "{CFD14FFC-A8BC-4911-AC17-2177A9D62938}"
EndProject
Project("FAE04EC0-301F-11D3-BF4B-00C04F79EFBC") = "Microsoft.Extensions.Configuration.FileExtensions", "src\CompatFacades\Microsoft.Extensions.Configuration.FileExtensions\Microsoft.Extensions.Configuration.FileExtensions.csproj", "{3FDB8734-8F49-4BF3-97D6-1D81BCBBA2B2}"
EndProject
Project("FAE04EC0-301F-11D3-BF4B-00C04F79EFBC") = "Microsoft.Extensions.Configuration.Ini", "src\CompatFacades\Microsoft.Extensions.Configuration.Ini\Microsoft.Extensions.Configuration.Ini.csproj", "{355072C6-6D3E-4B3F-A1AB-F69AE883EC7D}"
EndProject
Project("FAE04EC0-301F-11D3-BF4B-00C04F79EFBC") = "Microsoft.Extensions.Configuration.Json", "src\CompatFacades\Microsoft.Extensions.Configuration.Json\Microsoft.Extensions.Configuration.Json.csproj", "{C8C1D2C6-8777-4CCF-9771-D6FA277B5760}"
EndProject
Project("FAE04EC0-301F-11D3-BF4B-00C04F79EFBC") = "Microsoft.Extensions.Configuration.KeyPerFile", "src\CompatFacades\Microsoft.Extensions.Configuration.KeyPerFile\Microsoft.Extensions.Configuration.KeyPerFile.csproj", "{49E668BE-AA50-4BA3-80FE-90C0ADFCA349}"
EndProject
Project("FAE04EC0-301F-11D3-BF4B-00C04F79EFBC") = "Microsoft.Extensions.Configuration.UserSecrets", "src\CompatFacades\Microsoft.Extensions.Configuration.UserSecrets\Microsoft.Extensions.Configuration.UserSecrets.csproj", "{DEF3D1F8-550E-466B-9503-4000425086A7}"
EndProject
Project("FAE04EC0-301F-11D3-BF4B-00C04F79EFBC") = "Microsoft.Extensions.Configuration.Xml", "src\CompatFacades\Microsoft.Extensions.Configuration.Xml\Microsoft.Extensions.Configuration.Xml.csproj", "{97CDF836-9816-4B47-A077-69904B00785F}"
EndProject
Project("{2150E333-8FDC-42A3-9474-1A3956D46DE8}") = "Microsoft.Extensions.Options", "Microsoft.Extensions.Options", "{A7EA38E5-8A8D-4CCE-8B6D-8B5DA2A5DD61}"
EndProject
Project("FAE04EC0-301F-11D3-BF4B-00C04F79EFBC") = "Microsoft.Extensions.Options", "src\Microsoft.Extensions.Options\src\Microsoft.Extensions.Options.csproj", "{EFAAEA5F-6E98-4DB4-81C2-62F08D2B6188}"
EndProject
Project("FAE04EC0-301F-11D3-BF4B-00C04F79EFBC") = "Microsoft.Extensions.Options.Test", "src\Microsoft.Extensions.Options\test\Microsoft.Extensions.Options.Test.csproj", "{06F0A17C-1F76-4A7C-A20E-DB50147B838F}"
EndProject
Project("FAE04EC0-301F-11D3-BF4B-00C04F79EFBC") = "Microsoft.Extensions.Options.ConfigurationExtensions", "src\CompatFacades\Microsoft.Extensions.Options.ConfigurationExtensions\Microsoft.Extensions.Options.ConfigurationExtensions.csproj", "{231613AA-5EC7-4057-A110-D8E775F35A74}"
EndProject
Global
	GlobalSection(SolutionConfigurationPlatforms) = preSolution
		Debug|Any CPU = Debug|Any CPU
		Debug|x64 = Debug|x64
		Debug|x86 = Debug|x86
		Release|Any CPU = Release|Any CPU
		Release|x64 = Release|x64
		Release|x86 = Release|x86
	EndGlobalSection
	GlobalSection(ProjectConfigurationPlatforms) = postSolution
		{75D930AE-A148-406C-84AD-4BB388A7B50D}.Debug|Any CPU.ActiveCfg = Debug|Any CPU
		{75D930AE-A148-406C-84AD-4BB388A7B50D}.Debug|Any CPU.Build.0 = Debug|Any CPU
		{75D930AE-A148-406C-84AD-4BB388A7B50D}.Debug|x64.ActiveCfg = Debug|Any CPU
		{75D930AE-A148-406C-84AD-4BB388A7B50D}.Debug|x64.Build.0 = Debug|Any CPU
		{75D930AE-A148-406C-84AD-4BB388A7B50D}.Debug|x86.ActiveCfg = Debug|Any CPU
		{75D930AE-A148-406C-84AD-4BB388A7B50D}.Debug|x86.Build.0 = Debug|Any CPU
		{75D930AE-A148-406C-84AD-4BB388A7B50D}.Release|Any CPU.ActiveCfg = Release|Any CPU
		{75D930AE-A148-406C-84AD-4BB388A7B50D}.Release|Any CPU.Build.0 = Release|Any CPU
		{75D930AE-A148-406C-84AD-4BB388A7B50D}.Release|x64.ActiveCfg = Release|Any CPU
		{75D930AE-A148-406C-84AD-4BB388A7B50D}.Release|x64.Build.0 = Release|Any CPU
		{75D930AE-A148-406C-84AD-4BB388A7B50D}.Release|x86.ActiveCfg = Release|Any CPU
		{75D930AE-A148-406C-84AD-4BB388A7B50D}.Release|x86.Build.0 = Release|Any CPU
		{901F56E8-C996-4A40-8C9F-CF665E2E2392}.Debug|Any CPU.ActiveCfg = Debug|Any CPU
		{901F56E8-C996-4A40-8C9F-CF665E2E2392}.Debug|Any CPU.Build.0 = Debug|Any CPU
		{901F56E8-C996-4A40-8C9F-CF665E2E2392}.Debug|x64.ActiveCfg = Debug|Any CPU
		{901F56E8-C996-4A40-8C9F-CF665E2E2392}.Debug|x64.Build.0 = Debug|Any CPU
		{901F56E8-C996-4A40-8C9F-CF665E2E2392}.Debug|x86.ActiveCfg = Debug|Any CPU
		{901F56E8-C996-4A40-8C9F-CF665E2E2392}.Debug|x86.Build.0 = Debug|Any CPU
		{901F56E8-C996-4A40-8C9F-CF665E2E2392}.Release|Any CPU.ActiveCfg = Release|Any CPU
		{901F56E8-C996-4A40-8C9F-CF665E2E2392}.Release|Any CPU.Build.0 = Release|Any CPU
		{901F56E8-C996-4A40-8C9F-CF665E2E2392}.Release|x64.ActiveCfg = Release|Any CPU
		{901F56E8-C996-4A40-8C9F-CF665E2E2392}.Release|x64.Build.0 = Release|Any CPU
		{901F56E8-C996-4A40-8C9F-CF665E2E2392}.Release|x86.ActiveCfg = Release|Any CPU
		{901F56E8-C996-4A40-8C9F-CF665E2E2392}.Release|x86.Build.0 = Release|Any CPU
		{C650F8E8-153C-4D95-90C6-357D86F532E5}.Debug|Any CPU.ActiveCfg = Debug|Any CPU
		{C650F8E8-153C-4D95-90C6-357D86F532E5}.Debug|Any CPU.Build.0 = Debug|Any CPU
		{C650F8E8-153C-4D95-90C6-357D86F532E5}.Debug|x64.ActiveCfg = Debug|Any CPU
		{C650F8E8-153C-4D95-90C6-357D86F532E5}.Debug|x64.Build.0 = Debug|Any CPU
		{C650F8E8-153C-4D95-90C6-357D86F532E5}.Debug|x86.ActiveCfg = Debug|Any CPU
		{C650F8E8-153C-4D95-90C6-357D86F532E5}.Debug|x86.Build.0 = Debug|Any CPU
		{C650F8E8-153C-4D95-90C6-357D86F532E5}.Release|Any CPU.ActiveCfg = Release|Any CPU
		{C650F8E8-153C-4D95-90C6-357D86F532E5}.Release|Any CPU.Build.0 = Release|Any CPU
		{C650F8E8-153C-4D95-90C6-357D86F532E5}.Release|x64.ActiveCfg = Release|Any CPU
		{C650F8E8-153C-4D95-90C6-357D86F532E5}.Release|x64.Build.0 = Release|Any CPU
		{C650F8E8-153C-4D95-90C6-357D86F532E5}.Release|x86.ActiveCfg = Release|Any CPU
		{C650F8E8-153C-4D95-90C6-357D86F532E5}.Release|x86.Build.0 = Release|Any CPU
		{27E897F0-3A58-4B83-B8AD-7F6BDBB7D4F3}.Debug|Any CPU.ActiveCfg = Debug|Any CPU
		{27E897F0-3A58-4B83-B8AD-7F6BDBB7D4F3}.Debug|Any CPU.Build.0 = Debug|Any CPU
		{27E897F0-3A58-4B83-B8AD-7F6BDBB7D4F3}.Debug|x64.ActiveCfg = Debug|Any CPU
		{27E897F0-3A58-4B83-B8AD-7F6BDBB7D4F3}.Debug|x64.Build.0 = Debug|Any CPU
		{27E897F0-3A58-4B83-B8AD-7F6BDBB7D4F3}.Debug|x86.ActiveCfg = Debug|Any CPU
		{27E897F0-3A58-4B83-B8AD-7F6BDBB7D4F3}.Debug|x86.Build.0 = Debug|Any CPU
		{27E897F0-3A58-4B83-B8AD-7F6BDBB7D4F3}.Release|Any CPU.ActiveCfg = Release|Any CPU
		{27E897F0-3A58-4B83-B8AD-7F6BDBB7D4F3}.Release|Any CPU.Build.0 = Release|Any CPU
		{27E897F0-3A58-4B83-B8AD-7F6BDBB7D4F3}.Release|x64.ActiveCfg = Release|Any CPU
		{27E897F0-3A58-4B83-B8AD-7F6BDBB7D4F3}.Release|x64.Build.0 = Release|Any CPU
		{27E897F0-3A58-4B83-B8AD-7F6BDBB7D4F3}.Release|x86.ActiveCfg = Release|Any CPU
		{27E897F0-3A58-4B83-B8AD-7F6BDBB7D4F3}.Release|x86.Build.0 = Release|Any CPU
		{89D5D316-9EA6-4A63-995E-E81EF338FAAC}.Debug|Any CPU.ActiveCfg = Debug|Any CPU
		{89D5D316-9EA6-4A63-995E-E81EF338FAAC}.Debug|Any CPU.Build.0 = Debug|Any CPU
		{89D5D316-9EA6-4A63-995E-E81EF338FAAC}.Debug|x64.ActiveCfg = Debug|Any CPU
		{89D5D316-9EA6-4A63-995E-E81EF338FAAC}.Debug|x64.Build.0 = Debug|Any CPU
		{89D5D316-9EA6-4A63-995E-E81EF338FAAC}.Debug|x86.ActiveCfg = Debug|Any CPU
		{89D5D316-9EA6-4A63-995E-E81EF338FAAC}.Debug|x86.Build.0 = Debug|Any CPU
		{89D5D316-9EA6-4A63-995E-E81EF338FAAC}.Release|Any CPU.ActiveCfg = Release|Any CPU
		{89D5D316-9EA6-4A63-995E-E81EF338FAAC}.Release|Any CPU.Build.0 = Release|Any CPU
		{89D5D316-9EA6-4A63-995E-E81EF338FAAC}.Release|x64.ActiveCfg = Release|Any CPU
		{89D5D316-9EA6-4A63-995E-E81EF338FAAC}.Release|x64.Build.0 = Release|Any CPU
		{89D5D316-9EA6-4A63-995E-E81EF338FAAC}.Release|x86.ActiveCfg = Release|Any CPU
		{89D5D316-9EA6-4A63-995E-E81EF338FAAC}.Release|x86.Build.0 = Release|Any CPU
		{E49F2C38-7C74-4435-AFD5-2184283C63A0}.Debug|Any CPU.ActiveCfg = Debug|Any CPU
		{E49F2C38-7C74-4435-AFD5-2184283C63A0}.Debug|Any CPU.Build.0 = Debug|Any CPU
		{E49F2C38-7C74-4435-AFD5-2184283C63A0}.Debug|x64.ActiveCfg = Debug|Any CPU
		{E49F2C38-7C74-4435-AFD5-2184283C63A0}.Debug|x64.Build.0 = Debug|Any CPU
		{E49F2C38-7C74-4435-AFD5-2184283C63A0}.Debug|x86.ActiveCfg = Debug|Any CPU
		{E49F2C38-7C74-4435-AFD5-2184283C63A0}.Debug|x86.Build.0 = Debug|Any CPU
		{E49F2C38-7C74-4435-AFD5-2184283C63A0}.Release|Any CPU.ActiveCfg = Release|Any CPU
		{E49F2C38-7C74-4435-AFD5-2184283C63A0}.Release|Any CPU.Build.0 = Release|Any CPU
		{E49F2C38-7C74-4435-AFD5-2184283C63A0}.Release|x64.ActiveCfg = Release|Any CPU
		{E49F2C38-7C74-4435-AFD5-2184283C63A0}.Release|x64.Build.0 = Release|Any CPU
		{E49F2C38-7C74-4435-AFD5-2184283C63A0}.Release|x86.ActiveCfg = Release|Any CPU
		{E49F2C38-7C74-4435-AFD5-2184283C63A0}.Release|x86.Build.0 = Release|Any CPU
		{80490AB0-83F3-4ED1-ABD6-A372D0AA951D}.Debug|Any CPU.ActiveCfg = Debug|Any CPU
		{80490AB0-83F3-4ED1-ABD6-A372D0AA951D}.Debug|Any CPU.Build.0 = Debug|Any CPU
		{80490AB0-83F3-4ED1-ABD6-A372D0AA951D}.Debug|x64.ActiveCfg = Debug|Any CPU
		{80490AB0-83F3-4ED1-ABD6-A372D0AA951D}.Debug|x64.Build.0 = Debug|Any CPU
		{80490AB0-83F3-4ED1-ABD6-A372D0AA951D}.Debug|x86.ActiveCfg = Debug|Any CPU
		{80490AB0-83F3-4ED1-ABD6-A372D0AA951D}.Debug|x86.Build.0 = Debug|Any CPU
		{80490AB0-83F3-4ED1-ABD6-A372D0AA951D}.Release|Any CPU.ActiveCfg = Release|Any CPU
		{80490AB0-83F3-4ED1-ABD6-A372D0AA951D}.Release|Any CPU.Build.0 = Release|Any CPU
		{80490AB0-83F3-4ED1-ABD6-A372D0AA951D}.Release|x64.ActiveCfg = Release|Any CPU
		{80490AB0-83F3-4ED1-ABD6-A372D0AA951D}.Release|x64.Build.0 = Release|Any CPU
		{80490AB0-83F3-4ED1-ABD6-A372D0AA951D}.Release|x86.ActiveCfg = Release|Any CPU
		{80490AB0-83F3-4ED1-ABD6-A372D0AA951D}.Release|x86.Build.0 = Release|Any CPU
		{AE39BE38-0A7C-4BF7-BF7C-DCAFA0C80B9D}.Debug|Any CPU.ActiveCfg = Debug|Any CPU
		{AE39BE38-0A7C-4BF7-BF7C-DCAFA0C80B9D}.Debug|Any CPU.Build.0 = Debug|Any CPU
		{AE39BE38-0A7C-4BF7-BF7C-DCAFA0C80B9D}.Debug|x64.ActiveCfg = Debug|Any CPU
		{AE39BE38-0A7C-4BF7-BF7C-DCAFA0C80B9D}.Debug|x64.Build.0 = Debug|Any CPU
		{AE39BE38-0A7C-4BF7-BF7C-DCAFA0C80B9D}.Debug|x86.ActiveCfg = Debug|Any CPU
		{AE39BE38-0A7C-4BF7-BF7C-DCAFA0C80B9D}.Debug|x86.Build.0 = Debug|Any CPU
		{AE39BE38-0A7C-4BF7-BF7C-DCAFA0C80B9D}.Release|Any CPU.ActiveCfg = Release|Any CPU
		{AE39BE38-0A7C-4BF7-BF7C-DCAFA0C80B9D}.Release|Any CPU.Build.0 = Release|Any CPU
		{AE39BE38-0A7C-4BF7-BF7C-DCAFA0C80B9D}.Release|x64.ActiveCfg = Release|Any CPU
		{AE39BE38-0A7C-4BF7-BF7C-DCAFA0C80B9D}.Release|x64.Build.0 = Release|Any CPU
		{AE39BE38-0A7C-4BF7-BF7C-DCAFA0C80B9D}.Release|x86.ActiveCfg = Release|Any CPU
		{AE39BE38-0A7C-4BF7-BF7C-DCAFA0C80B9D}.Release|x86.Build.0 = Release|Any CPU
		{1AF3EB91-6079-4916-A9F2-A00FDB46F6F8}.Debug|Any CPU.ActiveCfg = Debug|Any CPU
		{1AF3EB91-6079-4916-A9F2-A00FDB46F6F8}.Debug|Any CPU.Build.0 = Debug|Any CPU
		{1AF3EB91-6079-4916-A9F2-A00FDB46F6F8}.Debug|x64.ActiveCfg = Debug|Any CPU
		{1AF3EB91-6079-4916-A9F2-A00FDB46F6F8}.Debug|x64.Build.0 = Debug|Any CPU
		{1AF3EB91-6079-4916-A9F2-A00FDB46F6F8}.Debug|x86.ActiveCfg = Debug|Any CPU
		{1AF3EB91-6079-4916-A9F2-A00FDB46F6F8}.Debug|x86.Build.0 = Debug|Any CPU
		{1AF3EB91-6079-4916-A9F2-A00FDB46F6F8}.Release|Any CPU.ActiveCfg = Release|Any CPU
		{1AF3EB91-6079-4916-A9F2-A00FDB46F6F8}.Release|Any CPU.Build.0 = Release|Any CPU
		{1AF3EB91-6079-4916-A9F2-A00FDB46F6F8}.Release|x64.ActiveCfg = Release|Any CPU
		{1AF3EB91-6079-4916-A9F2-A00FDB46F6F8}.Release|x64.Build.0 = Release|Any CPU
		{1AF3EB91-6079-4916-A9F2-A00FDB46F6F8}.Release|x86.ActiveCfg = Release|Any CPU
		{1AF3EB91-6079-4916-A9F2-A00FDB46F6F8}.Release|x86.Build.0 = Release|Any CPU
		{A9B96964-E13D-41A7-9FDF-9AEA2D29C585}.Debug|Any CPU.ActiveCfg = Debug|Any CPU
		{A9B96964-E13D-41A7-9FDF-9AEA2D29C585}.Debug|Any CPU.Build.0 = Debug|Any CPU
		{A9B96964-E13D-41A7-9FDF-9AEA2D29C585}.Debug|x64.ActiveCfg = Debug|Any CPU
		{A9B96964-E13D-41A7-9FDF-9AEA2D29C585}.Debug|x64.Build.0 = Debug|Any CPU
		{A9B96964-E13D-41A7-9FDF-9AEA2D29C585}.Debug|x86.ActiveCfg = Debug|Any CPU
		{A9B96964-E13D-41A7-9FDF-9AEA2D29C585}.Debug|x86.Build.0 = Debug|Any CPU
		{A9B96964-E13D-41A7-9FDF-9AEA2D29C585}.Release|Any CPU.ActiveCfg = Release|Any CPU
		{A9B96964-E13D-41A7-9FDF-9AEA2D29C585}.Release|Any CPU.Build.0 = Release|Any CPU
		{A9B96964-E13D-41A7-9FDF-9AEA2D29C585}.Release|x64.ActiveCfg = Release|Any CPU
		{A9B96964-E13D-41A7-9FDF-9AEA2D29C585}.Release|x64.Build.0 = Release|Any CPU
		{A9B96964-E13D-41A7-9FDF-9AEA2D29C585}.Release|x86.ActiveCfg = Release|Any CPU
		{A9B96964-E13D-41A7-9FDF-9AEA2D29C585}.Release|x86.Build.0 = Release|Any CPU
		{0A279F87-674A-431A-BE44-613F2731FD8C}.Debug|Any CPU.ActiveCfg = Debug|Any CPU
		{0A279F87-674A-431A-BE44-613F2731FD8C}.Debug|Any CPU.Build.0 = Debug|Any CPU
		{0A279F87-674A-431A-BE44-613F2731FD8C}.Debug|x64.ActiveCfg = Debug|Any CPU
		{0A279F87-674A-431A-BE44-613F2731FD8C}.Debug|x64.Build.0 = Debug|Any CPU
		{0A279F87-674A-431A-BE44-613F2731FD8C}.Debug|x86.ActiveCfg = Debug|Any CPU
		{0A279F87-674A-431A-BE44-613F2731FD8C}.Debug|x86.Build.0 = Debug|Any CPU
		{0A279F87-674A-431A-BE44-613F2731FD8C}.Release|Any CPU.ActiveCfg = Release|Any CPU
		{0A279F87-674A-431A-BE44-613F2731FD8C}.Release|Any CPU.Build.0 = Release|Any CPU
		{0A279F87-674A-431A-BE44-613F2731FD8C}.Release|x64.ActiveCfg = Release|Any CPU
		{0A279F87-674A-431A-BE44-613F2731FD8C}.Release|x64.Build.0 = Release|Any CPU
		{0A279F87-674A-431A-BE44-613F2731FD8C}.Release|x86.ActiveCfg = Release|Any CPU
		{0A279F87-674A-431A-BE44-613F2731FD8C}.Release|x86.Build.0 = Release|Any CPU
		{255C5FB7-E6FF-4216-8779-ABF11865B17F}.Debug|Any CPU.ActiveCfg = Debug|Any CPU
		{255C5FB7-E6FF-4216-8779-ABF11865B17F}.Debug|Any CPU.Build.0 = Debug|Any CPU
		{255C5FB7-E6FF-4216-8779-ABF11865B17F}.Debug|x64.ActiveCfg = Debug|Any CPU
		{255C5FB7-E6FF-4216-8779-ABF11865B17F}.Debug|x64.Build.0 = Debug|Any CPU
		{255C5FB7-E6FF-4216-8779-ABF11865B17F}.Debug|x86.ActiveCfg = Debug|Any CPU
		{255C5FB7-E6FF-4216-8779-ABF11865B17F}.Debug|x86.Build.0 = Debug|Any CPU
		{255C5FB7-E6FF-4216-8779-ABF11865B17F}.Release|Any CPU.ActiveCfg = Release|Any CPU
		{255C5FB7-E6FF-4216-8779-ABF11865B17F}.Release|Any CPU.Build.0 = Release|Any CPU
		{255C5FB7-E6FF-4216-8779-ABF11865B17F}.Release|x64.ActiveCfg = Release|Any CPU
		{255C5FB7-E6FF-4216-8779-ABF11865B17F}.Release|x64.Build.0 = Release|Any CPU
		{255C5FB7-E6FF-4216-8779-ABF11865B17F}.Release|x86.ActiveCfg = Release|Any CPU
		{255C5FB7-E6FF-4216-8779-ABF11865B17F}.Release|x86.Build.0 = Release|Any CPU
		{A9641D9C-8C4F-4A61-AAE8-61DC68EBD9F4}.Debug|Any CPU.ActiveCfg = Debug|Any CPU
		{A9641D9C-8C4F-4A61-AAE8-61DC68EBD9F4}.Debug|Any CPU.Build.0 = Debug|Any CPU
		{A9641D9C-8C4F-4A61-AAE8-61DC68EBD9F4}.Debug|x64.ActiveCfg = Debug|Any CPU
		{A9641D9C-8C4F-4A61-AAE8-61DC68EBD9F4}.Debug|x64.Build.0 = Debug|Any CPU
		{A9641D9C-8C4F-4A61-AAE8-61DC68EBD9F4}.Debug|x86.ActiveCfg = Debug|Any CPU
		{A9641D9C-8C4F-4A61-AAE8-61DC68EBD9F4}.Debug|x86.Build.0 = Debug|Any CPU
		{A9641D9C-8C4F-4A61-AAE8-61DC68EBD9F4}.Release|Any CPU.ActiveCfg = Release|Any CPU
		{A9641D9C-8C4F-4A61-AAE8-61DC68EBD9F4}.Release|Any CPU.Build.0 = Release|Any CPU
		{A9641D9C-8C4F-4A61-AAE8-61DC68EBD9F4}.Release|x64.ActiveCfg = Release|Any CPU
		{A9641D9C-8C4F-4A61-AAE8-61DC68EBD9F4}.Release|x64.Build.0 = Release|Any CPU
		{A9641D9C-8C4F-4A61-AAE8-61DC68EBD9F4}.Release|x86.ActiveCfg = Release|Any CPU
		{A9641D9C-8C4F-4A61-AAE8-61DC68EBD9F4}.Release|x86.Build.0 = Release|Any CPU
		{770969A6-4E24-4D0F-B4BF-77F993F5C116}.Debug|Any CPU.ActiveCfg = Debug|Any CPU
		{770969A6-4E24-4D0F-B4BF-77F993F5C116}.Debug|Any CPU.Build.0 = Debug|Any CPU
		{770969A6-4E24-4D0F-B4BF-77F993F5C116}.Debug|x64.ActiveCfg = Debug|Any CPU
		{770969A6-4E24-4D0F-B4BF-77F993F5C116}.Debug|x64.Build.0 = Debug|Any CPU
		{770969A6-4E24-4D0F-B4BF-77F993F5C116}.Debug|x86.ActiveCfg = Debug|Any CPU
		{770969A6-4E24-4D0F-B4BF-77F993F5C116}.Debug|x86.Build.0 = Debug|Any CPU
		{770969A6-4E24-4D0F-B4BF-77F993F5C116}.Release|Any CPU.ActiveCfg = Release|Any CPU
		{770969A6-4E24-4D0F-B4BF-77F993F5C116}.Release|Any CPU.Build.0 = Release|Any CPU
		{770969A6-4E24-4D0F-B4BF-77F993F5C116}.Release|x64.ActiveCfg = Release|Any CPU
		{770969A6-4E24-4D0F-B4BF-77F993F5C116}.Release|x64.Build.0 = Release|Any CPU
		{770969A6-4E24-4D0F-B4BF-77F993F5C116}.Release|x86.ActiveCfg = Release|Any CPU
		{770969A6-4E24-4D0F-B4BF-77F993F5C116}.Release|x86.Build.0 = Release|Any CPU
		{2FA99632-0D61-424D-BC62-061DAFB36126}.Debug|Any CPU.ActiveCfg = Debug|Any CPU
		{2FA99632-0D61-424D-BC62-061DAFB36126}.Debug|Any CPU.Build.0 = Debug|Any CPU
		{2FA99632-0D61-424D-BC62-061DAFB36126}.Debug|x64.ActiveCfg = Debug|Any CPU
		{2FA99632-0D61-424D-BC62-061DAFB36126}.Debug|x64.Build.0 = Debug|Any CPU
		{2FA99632-0D61-424D-BC62-061DAFB36126}.Debug|x86.ActiveCfg = Debug|Any CPU
		{2FA99632-0D61-424D-BC62-061DAFB36126}.Debug|x86.Build.0 = Debug|Any CPU
		{2FA99632-0D61-424D-BC62-061DAFB36126}.Release|Any CPU.ActiveCfg = Release|Any CPU
		{2FA99632-0D61-424D-BC62-061DAFB36126}.Release|Any CPU.Build.0 = Release|Any CPU
		{2FA99632-0D61-424D-BC62-061DAFB36126}.Release|x64.ActiveCfg = Release|Any CPU
		{2FA99632-0D61-424D-BC62-061DAFB36126}.Release|x64.Build.0 = Release|Any CPU
		{2FA99632-0D61-424D-BC62-061DAFB36126}.Release|x86.ActiveCfg = Release|Any CPU
		{2FA99632-0D61-424D-BC62-061DAFB36126}.Release|x86.Build.0 = Release|Any CPU
		{800AFFBC-568F-47F8-ACF1-735C38D29076}.Debug|Any CPU.ActiveCfg = Debug|Any CPU
		{800AFFBC-568F-47F8-ACF1-735C38D29076}.Debug|Any CPU.Build.0 = Debug|Any CPU
		{800AFFBC-568F-47F8-ACF1-735C38D29076}.Debug|x64.ActiveCfg = Debug|Any CPU
		{800AFFBC-568F-47F8-ACF1-735C38D29076}.Debug|x64.Build.0 = Debug|Any CPU
		{800AFFBC-568F-47F8-ACF1-735C38D29076}.Debug|x86.ActiveCfg = Debug|Any CPU
		{800AFFBC-568F-47F8-ACF1-735C38D29076}.Debug|x86.Build.0 = Debug|Any CPU
		{800AFFBC-568F-47F8-ACF1-735C38D29076}.Release|Any CPU.ActiveCfg = Release|Any CPU
		{800AFFBC-568F-47F8-ACF1-735C38D29076}.Release|Any CPU.Build.0 = Release|Any CPU
		{800AFFBC-568F-47F8-ACF1-735C38D29076}.Release|x64.ActiveCfg = Release|Any CPU
		{800AFFBC-568F-47F8-ACF1-735C38D29076}.Release|x64.Build.0 = Release|Any CPU
		{800AFFBC-568F-47F8-ACF1-735C38D29076}.Release|x86.ActiveCfg = Release|Any CPU
		{800AFFBC-568F-47F8-ACF1-735C38D29076}.Release|x86.Build.0 = Release|Any CPU
		{D7EE5AFE-5757-416D-A2F8-EAA166B3F850}.Debug|Any CPU.ActiveCfg = Debug|Any CPU
		{D7EE5AFE-5757-416D-A2F8-EAA166B3F850}.Debug|Any CPU.Build.0 = Debug|Any CPU
		{D7EE5AFE-5757-416D-A2F8-EAA166B3F850}.Debug|x64.ActiveCfg = Debug|Any CPU
		{D7EE5AFE-5757-416D-A2F8-EAA166B3F850}.Debug|x64.Build.0 = Debug|Any CPU
		{D7EE5AFE-5757-416D-A2F8-EAA166B3F850}.Debug|x86.ActiveCfg = Debug|Any CPU
		{D7EE5AFE-5757-416D-A2F8-EAA166B3F850}.Debug|x86.Build.0 = Debug|Any CPU
		{D7EE5AFE-5757-416D-A2F8-EAA166B3F850}.Release|Any CPU.ActiveCfg = Release|Any CPU
		{D7EE5AFE-5757-416D-A2F8-EAA166B3F850}.Release|Any CPU.Build.0 = Release|Any CPU
		{D7EE5AFE-5757-416D-A2F8-EAA166B3F850}.Release|x64.ActiveCfg = Release|Any CPU
		{D7EE5AFE-5757-416D-A2F8-EAA166B3F850}.Release|x64.Build.0 = Release|Any CPU
		{D7EE5AFE-5757-416D-A2F8-EAA166B3F850}.Release|x86.ActiveCfg = Release|Any CPU
		{D7EE5AFE-5757-416D-A2F8-EAA166B3F850}.Release|x86.Build.0 = Release|Any CPU
		{E7790BFB-A01B-4DA0-9B02-1A8E9FC6DD63}.Debug|Any CPU.ActiveCfg = Debug|Any CPU
		{E7790BFB-A01B-4DA0-9B02-1A8E9FC6DD63}.Debug|Any CPU.Build.0 = Debug|Any CPU
		{E7790BFB-A01B-4DA0-9B02-1A8E9FC6DD63}.Debug|x64.ActiveCfg = Debug|Any CPU
		{E7790BFB-A01B-4DA0-9B02-1A8E9FC6DD63}.Debug|x64.Build.0 = Debug|Any CPU
		{E7790BFB-A01B-4DA0-9B02-1A8E9FC6DD63}.Debug|x86.ActiveCfg = Debug|Any CPU
		{E7790BFB-A01B-4DA0-9B02-1A8E9FC6DD63}.Debug|x86.Build.0 = Debug|Any CPU
		{E7790BFB-A01B-4DA0-9B02-1A8E9FC6DD63}.Release|Any CPU.ActiveCfg = Release|Any CPU
		{E7790BFB-A01B-4DA0-9B02-1A8E9FC6DD63}.Release|Any CPU.Build.0 = Release|Any CPU
		{E7790BFB-A01B-4DA0-9B02-1A8E9FC6DD63}.Release|x64.ActiveCfg = Release|Any CPU
		{E7790BFB-A01B-4DA0-9B02-1A8E9FC6DD63}.Release|x64.Build.0 = Release|Any CPU
		{E7790BFB-A01B-4DA0-9B02-1A8E9FC6DD63}.Release|x86.ActiveCfg = Release|Any CPU
		{E7790BFB-A01B-4DA0-9B02-1A8E9FC6DD63}.Release|x86.Build.0 = Release|Any CPU
		{1E231BAD-31AB-4A95-A42B-1BE603BC0D04}.Debug|Any CPU.ActiveCfg = Debug|Any CPU
		{1E231BAD-31AB-4A95-A42B-1BE603BC0D04}.Debug|Any CPU.Build.0 = Debug|Any CPU
		{1E231BAD-31AB-4A95-A42B-1BE603BC0D04}.Debug|x64.ActiveCfg = Debug|Any CPU
		{1E231BAD-31AB-4A95-A42B-1BE603BC0D04}.Debug|x64.Build.0 = Debug|Any CPU
		{1E231BAD-31AB-4A95-A42B-1BE603BC0D04}.Debug|x86.ActiveCfg = Debug|Any CPU
		{1E231BAD-31AB-4A95-A42B-1BE603BC0D04}.Debug|x86.Build.0 = Debug|Any CPU
		{1E231BAD-31AB-4A95-A42B-1BE603BC0D04}.Release|Any CPU.ActiveCfg = Release|Any CPU
		{1E231BAD-31AB-4A95-A42B-1BE603BC0D04}.Release|Any CPU.Build.0 = Release|Any CPU
		{1E231BAD-31AB-4A95-A42B-1BE603BC0D04}.Release|x64.ActiveCfg = Release|Any CPU
		{1E231BAD-31AB-4A95-A42B-1BE603BC0D04}.Release|x64.Build.0 = Release|Any CPU
		{1E231BAD-31AB-4A95-A42B-1BE603BC0D04}.Release|x86.ActiveCfg = Release|Any CPU
		{1E231BAD-31AB-4A95-A42B-1BE603BC0D04}.Release|x86.Build.0 = Release|Any CPU
		{CFD14FFC-A8BC-4911-AC17-2177A9D62938}.Debug|Any CPU.ActiveCfg = Debug|Any CPU
		{CFD14FFC-A8BC-4911-AC17-2177A9D62938}.Debug|Any CPU.Build.0 = Debug|Any CPU
		{CFD14FFC-A8BC-4911-AC17-2177A9D62938}.Debug|x64.ActiveCfg = Debug|Any CPU
		{CFD14FFC-A8BC-4911-AC17-2177A9D62938}.Debug|x64.Build.0 = Debug|Any CPU
		{CFD14FFC-A8BC-4911-AC17-2177A9D62938}.Debug|x86.ActiveCfg = Debug|Any CPU
		{CFD14FFC-A8BC-4911-AC17-2177A9D62938}.Debug|x86.Build.0 = Debug|Any CPU
		{CFD14FFC-A8BC-4911-AC17-2177A9D62938}.Release|Any CPU.ActiveCfg = Release|Any CPU
		{CFD14FFC-A8BC-4911-AC17-2177A9D62938}.Release|Any CPU.Build.0 = Release|Any CPU
		{CFD14FFC-A8BC-4911-AC17-2177A9D62938}.Release|x64.ActiveCfg = Release|Any CPU
		{CFD14FFC-A8BC-4911-AC17-2177A9D62938}.Release|x64.Build.0 = Release|Any CPU
		{CFD14FFC-A8BC-4911-AC17-2177A9D62938}.Release|x86.ActiveCfg = Release|Any CPU
		{CFD14FFC-A8BC-4911-AC17-2177A9D62938}.Release|x86.Build.0 = Release|Any CPU
		{3FDB8734-8F49-4BF3-97D6-1D81BCBBA2B2}.Debug|Any CPU.ActiveCfg = Debug|Any CPU
		{3FDB8734-8F49-4BF3-97D6-1D81BCBBA2B2}.Debug|Any CPU.Build.0 = Debug|Any CPU
		{3FDB8734-8F49-4BF3-97D6-1D81BCBBA2B2}.Debug|x64.ActiveCfg = Debug|Any CPU
		{3FDB8734-8F49-4BF3-97D6-1D81BCBBA2B2}.Debug|x64.Build.0 = Debug|Any CPU
		{3FDB8734-8F49-4BF3-97D6-1D81BCBBA2B2}.Debug|x86.ActiveCfg = Debug|Any CPU
		{3FDB8734-8F49-4BF3-97D6-1D81BCBBA2B2}.Debug|x86.Build.0 = Debug|Any CPU
		{3FDB8734-8F49-4BF3-97D6-1D81BCBBA2B2}.Release|Any CPU.ActiveCfg = Release|Any CPU
		{3FDB8734-8F49-4BF3-97D6-1D81BCBBA2B2}.Release|Any CPU.Build.0 = Release|Any CPU
		{3FDB8734-8F49-4BF3-97D6-1D81BCBBA2B2}.Release|x64.ActiveCfg = Release|Any CPU
		{3FDB8734-8F49-4BF3-97D6-1D81BCBBA2B2}.Release|x64.Build.0 = Release|Any CPU
		{3FDB8734-8F49-4BF3-97D6-1D81BCBBA2B2}.Release|x86.ActiveCfg = Release|Any CPU
		{3FDB8734-8F49-4BF3-97D6-1D81BCBBA2B2}.Release|x86.Build.0 = Release|Any CPU
		{355072C6-6D3E-4B3F-A1AB-F69AE883EC7D}.Debug|Any CPU.ActiveCfg = Debug|Any CPU
		{355072C6-6D3E-4B3F-A1AB-F69AE883EC7D}.Debug|Any CPU.Build.0 = Debug|Any CPU
		{355072C6-6D3E-4B3F-A1AB-F69AE883EC7D}.Debug|x64.ActiveCfg = Debug|Any CPU
		{355072C6-6D3E-4B3F-A1AB-F69AE883EC7D}.Debug|x64.Build.0 = Debug|Any CPU
		{355072C6-6D3E-4B3F-A1AB-F69AE883EC7D}.Debug|x86.ActiveCfg = Debug|Any CPU
		{355072C6-6D3E-4B3F-A1AB-F69AE883EC7D}.Debug|x86.Build.0 = Debug|Any CPU
		{355072C6-6D3E-4B3F-A1AB-F69AE883EC7D}.Release|Any CPU.ActiveCfg = Release|Any CPU
		{355072C6-6D3E-4B3F-A1AB-F69AE883EC7D}.Release|Any CPU.Build.0 = Release|Any CPU
		{355072C6-6D3E-4B3F-A1AB-F69AE883EC7D}.Release|x64.ActiveCfg = Release|Any CPU
		{355072C6-6D3E-4B3F-A1AB-F69AE883EC7D}.Release|x64.Build.0 = Release|Any CPU
		{355072C6-6D3E-4B3F-A1AB-F69AE883EC7D}.Release|x86.ActiveCfg = Release|Any CPU
		{355072C6-6D3E-4B3F-A1AB-F69AE883EC7D}.Release|x86.Build.0 = Release|Any CPU
		{C8C1D2C6-8777-4CCF-9771-D6FA277B5760}.Debug|Any CPU.ActiveCfg = Debug|Any CPU
		{C8C1D2C6-8777-4CCF-9771-D6FA277B5760}.Debug|Any CPU.Build.0 = Debug|Any CPU
		{C8C1D2C6-8777-4CCF-9771-D6FA277B5760}.Debug|x64.ActiveCfg = Debug|Any CPU
		{C8C1D2C6-8777-4CCF-9771-D6FA277B5760}.Debug|x64.Build.0 = Debug|Any CPU
		{C8C1D2C6-8777-4CCF-9771-D6FA277B5760}.Debug|x86.ActiveCfg = Debug|Any CPU
		{C8C1D2C6-8777-4CCF-9771-D6FA277B5760}.Debug|x86.Build.0 = Debug|Any CPU
		{C8C1D2C6-8777-4CCF-9771-D6FA277B5760}.Release|Any CPU.ActiveCfg = Release|Any CPU
		{C8C1D2C6-8777-4CCF-9771-D6FA277B5760}.Release|Any CPU.Build.0 = Release|Any CPU
		{C8C1D2C6-8777-4CCF-9771-D6FA277B5760}.Release|x64.ActiveCfg = Release|Any CPU
		{C8C1D2C6-8777-4CCF-9771-D6FA277B5760}.Release|x64.Build.0 = Release|Any CPU
		{C8C1D2C6-8777-4CCF-9771-D6FA277B5760}.Release|x86.ActiveCfg = Release|Any CPU
		{C8C1D2C6-8777-4CCF-9771-D6FA277B5760}.Release|x86.Build.0 = Release|Any CPU
		{49E668BE-AA50-4BA3-80FE-90C0ADFCA349}.Debug|Any CPU.ActiveCfg = Debug|Any CPU
		{49E668BE-AA50-4BA3-80FE-90C0ADFCA349}.Debug|Any CPU.Build.0 = Debug|Any CPU
		{49E668BE-AA50-4BA3-80FE-90C0ADFCA349}.Debug|x64.ActiveCfg = Debug|Any CPU
		{49E668BE-AA50-4BA3-80FE-90C0ADFCA349}.Debug|x64.Build.0 = Debug|Any CPU
		{49E668BE-AA50-4BA3-80FE-90C0ADFCA349}.Debug|x86.ActiveCfg = Debug|Any CPU
		{49E668BE-AA50-4BA3-80FE-90C0ADFCA349}.Debug|x86.Build.0 = Debug|Any CPU
		{49E668BE-AA50-4BA3-80FE-90C0ADFCA349}.Release|Any CPU.ActiveCfg = Release|Any CPU
		{49E668BE-AA50-4BA3-80FE-90C0ADFCA349}.Release|Any CPU.Build.0 = Release|Any CPU
		{49E668BE-AA50-4BA3-80FE-90C0ADFCA349}.Release|x64.ActiveCfg = Release|Any CPU
		{49E668BE-AA50-4BA3-80FE-90C0ADFCA349}.Release|x64.Build.0 = Release|Any CPU
		{49E668BE-AA50-4BA3-80FE-90C0ADFCA349}.Release|x86.ActiveCfg = Release|Any CPU
		{49E668BE-AA50-4BA3-80FE-90C0ADFCA349}.Release|x86.Build.0 = Release|Any CPU
		{DEF3D1F8-550E-466B-9503-4000425086A7}.Debug|Any CPU.ActiveCfg = Debug|Any CPU
		{DEF3D1F8-550E-466B-9503-4000425086A7}.Debug|Any CPU.Build.0 = Debug|Any CPU
		{DEF3D1F8-550E-466B-9503-4000425086A7}.Debug|x64.ActiveCfg = Debug|Any CPU
		{DEF3D1F8-550E-466B-9503-4000425086A7}.Debug|x64.Build.0 = Debug|Any CPU
		{DEF3D1F8-550E-466B-9503-4000425086A7}.Debug|x86.ActiveCfg = Debug|Any CPU
		{DEF3D1F8-550E-466B-9503-4000425086A7}.Debug|x86.Build.0 = Debug|Any CPU
		{DEF3D1F8-550E-466B-9503-4000425086A7}.Release|Any CPU.ActiveCfg = Release|Any CPU
		{DEF3D1F8-550E-466B-9503-4000425086A7}.Release|Any CPU.Build.0 = Release|Any CPU
		{DEF3D1F8-550E-466B-9503-4000425086A7}.Release|x64.ActiveCfg = Release|Any CPU
		{DEF3D1F8-550E-466B-9503-4000425086A7}.Release|x64.Build.0 = Release|Any CPU
		{DEF3D1F8-550E-466B-9503-4000425086A7}.Release|x86.ActiveCfg = Release|Any CPU
		{DEF3D1F8-550E-466B-9503-4000425086A7}.Release|x86.Build.0 = Release|Any CPU
		{97CDF836-9816-4B47-A077-69904B00785F}.Debug|Any CPU.ActiveCfg = Debug|Any CPU
		{97CDF836-9816-4B47-A077-69904B00785F}.Debug|Any CPU.Build.0 = Debug|Any CPU
		{97CDF836-9816-4B47-A077-69904B00785F}.Debug|x64.ActiveCfg = Debug|Any CPU
		{97CDF836-9816-4B47-A077-69904B00785F}.Debug|x64.Build.0 = Debug|Any CPU
		{97CDF836-9816-4B47-A077-69904B00785F}.Debug|x86.ActiveCfg = Debug|Any CPU
		{97CDF836-9816-4B47-A077-69904B00785F}.Debug|x86.Build.0 = Debug|Any CPU
		{97CDF836-9816-4B47-A077-69904B00785F}.Release|Any CPU.ActiveCfg = Release|Any CPU
		{97CDF836-9816-4B47-A077-69904B00785F}.Release|Any CPU.Build.0 = Release|Any CPU
		{97CDF836-9816-4B47-A077-69904B00785F}.Release|x64.ActiveCfg = Release|Any CPU
		{97CDF836-9816-4B47-A077-69904B00785F}.Release|x64.Build.0 = Release|Any CPU
		{97CDF836-9816-4B47-A077-69904B00785F}.Release|x86.ActiveCfg = Release|Any CPU
		{97CDF836-9816-4B47-A077-69904B00785F}.Release|x86.Build.0 = Release|Any CPU
		{EFAAEA5F-6E98-4DB4-81C2-62F08D2B6188}.Debug|Any CPU.ActiveCfg = Debug|Any CPU
		{EFAAEA5F-6E98-4DB4-81C2-62F08D2B6188}.Debug|Any CPU.Build.0 = Debug|Any CPU
		{EFAAEA5F-6E98-4DB4-81C2-62F08D2B6188}.Debug|x64.ActiveCfg = Debug|Any CPU
		{EFAAEA5F-6E98-4DB4-81C2-62F08D2B6188}.Debug|x64.Build.0 = Debug|Any CPU
		{EFAAEA5F-6E98-4DB4-81C2-62F08D2B6188}.Debug|x86.ActiveCfg = Debug|Any CPU
		{EFAAEA5F-6E98-4DB4-81C2-62F08D2B6188}.Debug|x86.Build.0 = Debug|Any CPU
		{EFAAEA5F-6E98-4DB4-81C2-62F08D2B6188}.Release|Any CPU.ActiveCfg = Release|Any CPU
		{EFAAEA5F-6E98-4DB4-81C2-62F08D2B6188}.Release|Any CPU.Build.0 = Release|Any CPU
		{EFAAEA5F-6E98-4DB4-81C2-62F08D2B6188}.Release|x64.ActiveCfg = Release|Any CPU
		{EFAAEA5F-6E98-4DB4-81C2-62F08D2B6188}.Release|x64.Build.0 = Release|Any CPU
		{EFAAEA5F-6E98-4DB4-81C2-62F08D2B6188}.Release|x86.ActiveCfg = Release|Any CPU
		{EFAAEA5F-6E98-4DB4-81C2-62F08D2B6188}.Release|x86.Build.0 = Release|Any CPU
		{06F0A17C-1F76-4A7C-A20E-DB50147B838F}.Debug|Any CPU.ActiveCfg = Debug|Any CPU
		{06F0A17C-1F76-4A7C-A20E-DB50147B838F}.Debug|Any CPU.Build.0 = Debug|Any CPU
		{06F0A17C-1F76-4A7C-A20E-DB50147B838F}.Debug|x64.ActiveCfg = Debug|Any CPU
		{06F0A17C-1F76-4A7C-A20E-DB50147B838F}.Debug|x64.Build.0 = Debug|Any CPU
		{06F0A17C-1F76-4A7C-A20E-DB50147B838F}.Debug|x86.ActiveCfg = Debug|Any CPU
		{06F0A17C-1F76-4A7C-A20E-DB50147B838F}.Debug|x86.Build.0 = Debug|Any CPU
		{06F0A17C-1F76-4A7C-A20E-DB50147B838F}.Release|Any CPU.ActiveCfg = Release|Any CPU
		{06F0A17C-1F76-4A7C-A20E-DB50147B838F}.Release|Any CPU.Build.0 = Release|Any CPU
		{06F0A17C-1F76-4A7C-A20E-DB50147B838F}.Release|x64.ActiveCfg = Release|Any CPU
		{06F0A17C-1F76-4A7C-A20E-DB50147B838F}.Release|x64.Build.0 = Release|Any CPU
		{06F0A17C-1F76-4A7C-A20E-DB50147B838F}.Release|x86.ActiveCfg = Release|Any CPU
		{06F0A17C-1F76-4A7C-A20E-DB50147B838F}.Release|x86.Build.0 = Release|Any CPU
		{231613AA-5EC7-4057-A110-D8E775F35A74}.Debug|Any CPU.ActiveCfg = Debug|Any CPU
		{231613AA-5EC7-4057-A110-D8E775F35A74}.Debug|Any CPU.Build.0 = Debug|Any CPU
		{231613AA-5EC7-4057-A110-D8E775F35A74}.Debug|x64.ActiveCfg = Debug|Any CPU
		{231613AA-5EC7-4057-A110-D8E775F35A74}.Debug|x64.Build.0 = Debug|Any CPU
		{231613AA-5EC7-4057-A110-D8E775F35A74}.Debug|x86.ActiveCfg = Debug|Any CPU
		{231613AA-5EC7-4057-A110-D8E775F35A74}.Debug|x86.Build.0 = Debug|Any CPU
		{231613AA-5EC7-4057-A110-D8E775F35A74}.Release|Any CPU.ActiveCfg = Release|Any CPU
		{231613AA-5EC7-4057-A110-D8E775F35A74}.Release|Any CPU.Build.0 = Release|Any CPU
		{231613AA-5EC7-4057-A110-D8E775F35A74}.Release|x64.ActiveCfg = Release|Any CPU
		{231613AA-5EC7-4057-A110-D8E775F35A74}.Release|x64.Build.0 = Release|Any CPU
		{231613AA-5EC7-4057-A110-D8E775F35A74}.Release|x86.ActiveCfg = Release|Any CPU
		{231613AA-5EC7-4057-A110-D8E775F35A74}.Release|x86.Build.0 = Release|Any CPU
	EndGlobalSection
	GlobalSection(SolutionProperties) = preSolution
		HideSolutionNode = FALSE
	EndGlobalSection
	GlobalSection(NestedProjects) = preSolution
		{3C60752B-34A5-4398-B491-4D074159AD19} = {D7F90329-D166-43A1-9561-C9AC3F1890D5}
		{75D930AE-A148-406C-84AD-4BB388A7B50D} = {3C60752B-34A5-4398-B491-4D074159AD19}
		{182867CA-5C7E-40AC-B54B-6C75A9AFF1EC} = {D7F90329-D166-43A1-9561-C9AC3F1890D5}
		{901F56E8-C996-4A40-8C9F-CF665E2E2392} = {182867CA-5C7E-40AC-B54B-6C75A9AFF1EC}
		{C650F8E8-153C-4D95-90C6-357D86F532E5} = {182867CA-5C7E-40AC-B54B-6C75A9AFF1EC}
		{935DEFE7-5446-491F-98CB-B603B0B190BB} = {D7F90329-D166-43A1-9561-C9AC3F1890D5}
		{27E897F0-3A58-4B83-B8AD-7F6BDBB7D4F3} = {935DEFE7-5446-491F-98CB-B603B0B190BB}
		{B33423E5-CCB9-4C52-88C0-2271D60B63A6} = {D7F90329-D166-43A1-9561-C9AC3F1890D5}
		{89D5D316-9EA6-4A63-995E-E81EF338FAAC} = {B33423E5-CCB9-4C52-88C0-2271D60B63A6}
		{E49F2C38-7C74-4435-AFD5-2184283C63A0} = {B33423E5-CCB9-4C52-88C0-2271D60B63A6}
		{135A056A-96F4-4816-B66A-47B0E123A5BD} = {D7F90329-D166-43A1-9561-C9AC3F1890D5}
		{80490AB0-83F3-4ED1-ABD6-A372D0AA951D} = {135A056A-96F4-4816-B66A-47B0E123A5BD}
		{AE39BE38-0A7C-4BF7-BF7C-DCAFA0C80B9D} = {935DEFE7-5446-491F-98CB-B603B0B190BB}
		{1AF3EB91-6079-4916-A9F2-A00FDB46F6F8} = {935DEFE7-5446-491F-98CB-B603B0B190BB}
		{A9B96964-E13D-41A7-9FDF-9AEA2D29C585} = {935DEFE7-5446-491F-98CB-B603B0B190BB}
		{0A279F87-674A-431A-BE44-613F2731FD8C} = {935DEFE7-5446-491F-98CB-B603B0B190BB}
		{255C5FB7-E6FF-4216-8779-ABF11865B17F} = {935DEFE7-5446-491F-98CB-B603B0B190BB}
		{738E53A5-D466-450D-AB08-876D0535011E} = {D7F90329-D166-43A1-9561-C9AC3F1890D5}
		{A9641D9C-8C4F-4A61-AAE8-61DC68EBD9F4} = {738E53A5-D466-450D-AB08-876D0535011E}
		{770969A6-4E24-4D0F-B4BF-77F993F5C116} = {135A056A-96F4-4816-B66A-47B0E123A5BD}
		{76D90E62-C623-44F3-86F4-9A0C510CC3DA} = {D7F90329-D166-43A1-9561-C9AC3F1890D5}
		{2FA99632-0D61-424D-BC62-061DAFB36126} = {76D90E62-C623-44F3-86F4-9A0C510CC3DA}
		{800AFFBC-568F-47F8-ACF1-735C38D29076} = {76D90E62-C623-44F3-86F4-9A0C510CC3DA}
		{D7EE5AFE-5757-416D-A2F8-EAA166B3F850} = {935DEFE7-5446-491F-98CB-B603B0B190BB}
		{E7790BFB-A01B-4DA0-9B02-1A8E9FC6DD63} = {935DEFE7-5446-491F-98CB-B603B0B190BB}
		{1E231BAD-31AB-4A95-A42B-1BE603BC0D04} = {935DEFE7-5446-491F-98CB-B603B0B190BB}
		{CFD14FFC-A8BC-4911-AC17-2177A9D62938} = {935DEFE7-5446-491F-98CB-B603B0B190BB}
		{3FDB8734-8F49-4BF3-97D6-1D81BCBBA2B2} = {935DEFE7-5446-491F-98CB-B603B0B190BB}
		{355072C6-6D3E-4B3F-A1AB-F69AE883EC7D} = {935DEFE7-5446-491F-98CB-B603B0B190BB}
		{C8C1D2C6-8777-4CCF-9771-D6FA277B5760} = {935DEFE7-5446-491F-98CB-B603B0B190BB}
		{49E668BE-AA50-4BA3-80FE-90C0ADFCA349} = {935DEFE7-5446-491F-98CB-B603B0B190BB}
		{DEF3D1F8-550E-466B-9503-4000425086A7} = {935DEFE7-5446-491F-98CB-B603B0B190BB}
		{97CDF836-9816-4B47-A077-69904B00785F} = {935DEFE7-5446-491F-98CB-B603B0B190BB}
		{A7EA38E5-8A8D-4CCE-8B6D-8B5DA2A5DD61} = {D7F90329-D166-43A1-9561-C9AC3F1890D5}
		{EFAAEA5F-6E98-4DB4-81C2-62F08D2B6188} = {A7EA38E5-8A8D-4CCE-8B6D-8B5DA2A5DD61}
		{06F0A17C-1F76-4A7C-A20E-DB50147B838F} = {A7EA38E5-8A8D-4CCE-8B6D-8B5DA2A5DD61}
		{231613AA-5EC7-4057-A110-D8E775F35A74} = {935DEFE7-5446-491F-98CB-B603B0B190BB}
	EndGlobalSection
	GlobalSection(ExtensibilityGlobals) = postSolution
		SolutionGuid = {27024195-57EA-481C-A555-87C2EBF0A9D2}
	EndGlobalSection
EndGlobal
